{
  "version": 4,
  "terraform_version": "1.10.1",
  "serial": 543,
  "lineage": "a8fee448-5208-3ac5-2120-ec7123780394",
  "outputs": {},
  "resources": [
    {
      "mode": "managed",
      "type": "oci_core_instance",
      "name": "test_instance",
      "provider": "provider[\"registry.terraform.io/hashicorp/oci\"]",
      "instances": [
        {
          "schema_version": 0,
          "attributes": {
            "agent_config": [
              {
                "are_all_plugins_disabled": false,
                "is_management_disabled": false,
                "is_monitoring_disabled": false,
                "plugins_config": []
              }
            ],
            "async": null,
            "availability_config": [
              {
                "is_live_migration_preferred": false,
                "recovery_action": "RESTORE_INSTANCE"
              }
            ],
            "availability_domain": "Wfog:EU-ZURICH-1-AD-1",
            "boot_volume_id": "ocid1.bootvolume.oc1.eu-zurich-1.ab5heljr7zcd3ips53wevg34jtrwwsrl4qc4t2qqcvkivzrcr24mxnuar4ea",
            "capacity_reservation_id": null,
            "cluster_placement_group_id": null,
            "compartment_id": "ocid1.compartment.oc1..aaaaaaaayx4rhgxjak3xkobjyk77ibu3l4yhcgn7sbxcmxd3273zcniiksfa",
            "compute_cluster_id": null,
            "create_vnic_details": [
              {
                "assign_ipv6ip": false,
                "assign_private_dns_record": false,
                "assign_public_ip": "true",
                "defined_tags": {
                  "Oracle-Tags.CreatedBy": "oracleidentitycloudservice/sagar.chopade@avaloq.com",
                  "Oracle-Tags.CreatedOn": "2025-01-14T05:37:42.850Z"
                },
                "display_name": "app_instance",
                "freeform_tags": {},
                "hostname_label": "app-instance",
                "ipv6address_ipv6subnet_cidr_pair_details": [],
                "nsg_ids": [
                  "ocid1.networksecuritygroup.oc1.eu-zurich-1.aaaaaaaa2iy6l4vfhq57ulhc77w5j55d7kgopdv24csgqfnponsaebotaukq"
                ],
                "private_ip": "10.0.1.213",
                "security_attributes": {},
                "skip_source_dest_check": false,
                "subnet_id": "ocid1.subnet.oc1.eu-zurich-1.aaaaaaaadcnc67x4rtcmzzfgib5h473ddbj27pgonnclxvszr6tzpzdmui5q",
                "vlan_id": ""
              }
            ],
            "dedicated_vm_host_id": null,
            "defined_tags": {
              "Oracle-Tags.CreatedBy": "oracleidentitycloudservice/sagar.chopade@avaloq.com",
              "Oracle-Tags.CreatedOn": "2025-01-14T05:37:42.677Z"
            },
            "display_name": "app_instance",
            "extended_metadata": {},
            "fault_domain": "FAULT-DOMAIN-1",
            "freeform_tags": {},
            "hostname_label": "app-instance",
            "id": "ocid1.instance.oc1.eu-zurich-1.an5heljr2f6evfqcpxqlestzzmx4ucd2j2hx75aqb45qzbsldfl3ugvenylq",
            "image": "ocid1.image.oc1.eu-zurich-1.aaaaaaaaf6suusmq5wgxegpva7vqogjsqgo7kxd2jognp4vxdty7pem3plta",
            "instance_configuration_id": null,
            "instance_options": [
              {
                "are_legacy_imds_endpoints_disabled": false
              }
            ],
            "ipxe_script": null,
            "is_cross_numa_node": false,
            "is_pv_encryption_in_transit_enabled": null,
            "launch_mode": "PARAVIRTUALIZED",
            "launch_options": [
              {
                "boot_volume_type": "PARAVIRTUALIZED",
                "firmware": "UEFI_64",
                "is_consistent_volume_naming_enabled": true,
                "is_pv_encryption_in_transit_enabled": false,
                "network_type": "PARAVIRTUALIZED",
                "remote_data_volume_type": "PARAVIRTUALIZED"
              }
            ],
            "launch_volume_attachments": [],
            "metadata": {
              "ssh_authorized_keys": "ssh-rsa AAAAB3NzaC1yc2EAAAADAQABAAABgQDQ6bptAIZNzPMTirqCfQ++MuFEXq9cOXy4j3HJyYhfYg4fhKF14O03QbFBTYmvRJPL+yfLBdWZp/B9RJow9g9Z/o0BEOcN32+L79nSm0/KRtT32M51oSxiFkS+pHCm+sUQEtbnpq8Tj0Y9uFYc+mALruHFXw/NVCyWROLwKhrQi/HQnb1fgiQRviZBdM0aCusqTOxyny5PPO4OWLPv8H4u1VTS8Fj6yA0unjJzMT6sl4u4eXVtpFdlMnnFTgAMjBSulxVid+FFU7qIO/6wlIk5kT7yrfWxXM3mMD1PKXQZEhHOJBqocXioVXwxFG5F6zVWkFfpd9DpV2UdrzZWxwWh/QcliVVwEY+VsWNAlQJMd1lXcM8VdjtO5MpbXP5cNm174CpvC9SXApGDfbL7OEH/8zq7HpwDICeojsp3SGhRTqZF+cxy7JMIBOfDO0zo23ach6Gg45Hj7KvPN23wDgocXZrwAZs1dDueL1QxZC1IccPuEZ8f7FURr/m8deWh88k= sysd48@WCLINB110039",
              "user_data": "IyEvYmluL2Jhc2gKCmVjaG8gIioqKioqKioqKioqKioqKioqKioqKioqKioqKipTQ1JJUFQgU1RBUlQqKioqKioqKioqKioqKioqKioqKioqKioqKioqKioqKioiCgpzdWRvIHl1bSBpbnN0YWxsIGdpdCAteQoKY2QgL2hvbWUvb3BjCgojIFN0ZXAgMTogQ2xvbmUgdGhlIHByb2plY3QgcmVwb3NpdG9yeSBmcm9tIEdpdEh1YgpnaXQgY2xvbmUgaHR0cHM6Ly9naXRodWIuY29tL21hZGh1cmEtYXZhbG9xL3B5dGhvbl9wcm9qZWN0LmdpdAoKIyBTdGVwIDI6IE5hdmlnYXRlIHRvIHRoZSBmcm9udGVuZCBkaXJlY3RvcnkKY2QgcHl0aG9uX3Byb2plY3QvYXBwbGljYXRpb24vZnJvbnRlbmQvCgojIFN0ZXAgMzogSW5zdGFsbCBjdXJsIHRvIGZldGNoIGV4dGVybmFsIHJlc291cmNlcwpzdWRvIHl1bSBpbnN0YWxsIC15IGN1cmwKCiMgU3RlcCA0OiBTZXR1cCBOb2RlLmpzIHJlcG9zaXRvcnkgKExUUyB2ZXJzaW9uKQpjdXJsIC1mc1NMIGh0dHBzOi8vcnBtLm5vZGVzb3VyY2UuY29tL3NldHVwX2x0cy54IHwgc3VkbyBiYXNoIC0KCiMgU3RlcCA1OiBJbnN0YWxsIE5vZGUuanMKc3VkbyB5dW0gaW5zdGFsbCAteSBub2RlanMKCiMgU3RlcCA2OiBWZXJpZnkgTm9kZS5qcyBpbnN0YWxsYXRpb24gYnkgY2hlY2tpbmcgaXRzIHZlcnNpb24Kbm9kZSAtdgoKIyBTdGVwIDc6IENsZWFuIHl1bSBjYWNoZSB0byBzYXZlIGRpc2sgc3BhY2UKc3VkbyB5dW0gY2xlYW4gYWxsCgplY2hvICIqKioqKioqKioqKioqKioqKioqKioqKioqKioqKioqKioqKioqKioqKioqKioqKioqKioqKioqKioqKiBGUk9OVEVORCIKCmNkIC4uCgpjZCBhcHBsaWNhdGlvbi9iYWNrZW5kCgojIFN0ZXAgOTogQWN0aXZhdGUgdGhlIFB5dGhvbiB2aXJ0dWFsIGVudmlyb25tZW50CnNvdXJjZSAuL215ZW52L2Jpbi9hY3RpdmF0ZQoKIyBTdGVwIDEwOiBJbnN0YWxsIFB5dGhvbiAzCnN1ZG8geXVtIGluc3RhbGwgLXkgcHl0aG9uMwoKIyBTdGVwIDExOiBJbnN0YWxsIFB5dGhvbiBwYWNrYWdlIG1hbmFnZXIgKHBpcCkKc3VkbyB5dW0gaW5zdGFsbCAteSBweXRob24zLXBpcAoKIyBTdGVwIDEyOiBWZXJpZnkgUHl0aG9uIDMgaW5zdGFsbGF0aW9uCnB5dGhvbjMgLS12ZXJzaW9uCgojIFN0ZXAgMTM6IFZlcmlmeSBwaXAzIGluc3RhbGxhdGlvbgpwaXAzIC0tdmVyc2lvbgoKIyBTdGVwIDE0OiBJbnN0YWxsIEZsYXNrIGZyYW1ld29yayB1c2luZyBwaXAzCnBpcDMgaW5zdGFsbCBmbGFzawoKIyBTdGVwIDE1OiBJbnN0YWxsIEZsYXNrLUNPUlMgZXh0ZW5zaW9uIHVzaW5nIHBpcDMKcGlwMyBpbnN0YWxsIGZsYXNrX2NvcnMKCnBpcDMgaW5zdGFsbCBteXNxbC5jb25uZWN0b3IKCmRlYWN0aXZhdGUKCiMgU3RlcCAxNjogQ2xlYW4geXVtIGNhY2hlIHRvIHNhdmUgZGlzayBzcGFjZQpzdWRvIHl1bSBjbGVhbiBhbGwKCmVjaG8gIioqKioqKioqKioqKioqKioqKioqKioqKioqKioqKioqKioqKioqKioqKioqKioqKioqKioqKioqKioqIEJBQ0tFTkQiCgojIyMjIyMjIyMjIyMjIyMjIyMjIyMjIyMjIyMjIyMjIyMjIyMjIyMjIyMjIyMjIyMjIyMjIyMjIyMjIyMjIyMjIyMjCiMgU3RlcCAxOiBJbnN0YWxsIE15U1FMIGFuZCBNeVNRTCBTZXJ2ZXIKZWNobyAiSW5zdGFsbGluZyBNeVNRTCBzZXJ2ZXIuLi4iCnN1ZG8geXVtIGluc3RhbGwgLXkgbXlzcWwgbXlzcWwtc2VydmVyCgojIFN0ZXAgMjogU3RhcnQgTXlTUUwgc2VydmljZQplY2hvICJTdGFydGluZyBNeVNRTCBzZXJ2aWNlLi4uIgpzdWRvIHN5c3RlbWN0bCBzdGFydCBteXNxbGQKCiMgU3RlcCAzOiBFbmFibGUgTXlTUUwgc2VydmljZSB0byBzdGFydCBvbiBib290CmVjaG8gIkVuYWJsaW5nIE15U1FMIHRvIHN0YXJ0IG9uIGJvb3QuLi4iCnN1ZG8gc3lzdGVtY3RsIGVuYWJsZSBteXNxbGQKCiMgU3RlcCA0OiBSZXRyaWV2ZSB0aGUgdGVtcG9yYXJ5IHJvb3QgcGFzc3dvcmQgZ2VuZXJhdGVkIGR1cmluZyBNeVNRTCBpbnN0YWxsYXRpb24KdGVtcF9wYXNzd29yZD0kKHN1ZG8gZ3JlcCAndGVtcG9yYXJ5IHBhc3N3b3JkJyAvdmFyL2xvZy9teXNxbGQubG9nIHwgdGFpbCAtMSB8IGF3ayAne3ByaW50ICRORn0nKQplY2hvICJUZW1wb3Jhcnkgcm9vdCBwYXNzd29yZDogJHRlbXBfcGFzc3dvcmQiCgojIFN0ZXAgNTogU2VjdXJlIE15U1FMIGluc3RhbGxhdGlvbiBhbmQgc2V0IHJvb3QgcGFzc3dvcmQgdG8gJ1Jvb3RAMTIzJwplY2hvICJTZWN1cmluZyBNeVNRTCBpbnN0YWxsYXRpb24uLi4iCnN1ZG8gbXlzcWwgLS11c2VyPXJvb3QgLS1wYXNzd29yZD0iJHRlbXBfcGFzc3dvcmQiIDw8RU9GCkFMVEVSIFVTRVIgJ3Jvb3QnQCdsb2NhbGhvc3QnIElERU5USUZJRUQgQlkgJ1Jvb3RAMTIzJzsgCkZMVVNIIFBSSVZJTEVHRVM7IApFT0YKCgoKZWNobyAiKioqKioqKioqKioqKioqKioqKioqKioqKioqKioqKioqKioqKioqKioqKioqKioqKioqKioqKioqKioqKioqKioqKioqKipNWVNRTCBET05FIgoKCiMgU3RlcCA2OiBDcmVhdGUgYW5kIHBvcHVsYXRlIHRoZSBkYXRhYmFzZQplY2hvICJDcmVhdGluZyBhbmQgcG9wdWxhdGluZyB0aGUgZGF0YWJhc2UuLi4iCnN1ZG8gbXlzcWwgLS11c2VyPXJvb3QgLS1wYXNzd29yZD0nUm9vdEAxMjMnIDw8RU9GCgpDUkVBVEUgREFUQUJBU0UgZmxhc2tfYXBwOwoKVVNFIGZsYXNrX2FwcDsKCkNSRUFURSBUQUJMRSB1c2VycyAoCiAgICBpZCBJTlQgQVVUT19JTkNSRU1FTlQgUFJJTUFSWSBLRVksICAKICAgIHVzZXJuYW1lIFZBUkNIQVIoNTApIE5PVCBOVUxMIFVOSVFVRSwgCiAgICBwYXNzd29yZCBWQVJDSEFSKDI1NSkgTk9UIE5VTEwsICAgICAgIAogICAgcm9sZSBWQVJDSEFSKDUwKSBOT1QgTlVMTCAgICAgICAgICAgIAopOwoKSU5TRVJUIElOVE8gdXNlcnMgKHVzZXJuYW1lLCBwYXNzd29yZCwgcm9sZSkKVkFMVUVTCignYWRtaW4nLCAncGFzczEnLCAnYWRtaW4nKSwgICAKKCd1c2VyJywgJ3Bhc3MyJywgJ3VzZXInKTsgICAgIAoKQ1JFQVRFIFRBQkxFIHBsYXllcnMgKAogICAgaWQgSU5UIEFVVE9fSU5DUkVNRU5UIFBSSU1BUlkgS0VZLCAgCiAgICBuYW1lIFZBUkNIQVIoMTAwKSBOT1QgTlVMTCwgICAgICAgIAogICAgYWdlIElOVCBOT1QgTlVMTCwgICAgICAgICAgICAgICAgICAgCiAgICB0ZWFtIFZBUkNIQVIoMTAwKSBOT1QgTlVMTCwgICAgICAgICAKICAgIHBvc2l0aW9uIFZBUkNIQVIoNTApIE5PVCBOVUxMICAgICAgIAopOwoKSU5TRVJUIElOVE8gcGxheWVycyAobmFtZSwgYWdlLCB0ZWFtLCBwb3NpdGlvbikKVkFMVUVTCignSm9obiBEb2UnLCAyNSwgJ1RlYW0gQScsICdGb3J3YXJkJyksICAgCignSmFuZSBTbWl0aCcsIDI3LCAnVGVhbSBCJywgJ0dvYWxrZWVwZXInKTsgCkVPRgoKIyBTdGVwIDc6IFZlcmlmeSB0aGUgY2hhbmdlcwplY2hvICJWZXJpZnlpbmcgdGhlIGRhdGFiYXNlIGFuZCB0YWJsZXMuLi4iCm15c3FsIC11IHJvb3QgLXAnUm9vdEAxMjMnIC1lICJTSE9XIERBVEFCQVNFUzsiCm15c3FsIC11IHJvb3QgLXAnUm9vdEAxMjMnIC1lICJVU0UgZmxhc2tfYXBwOyBTSE9XIFRBQkxFUzsiCgplY2hvICIqKioqKioqKioqKioqKioqKioqKioqKioqKioqKioqKioqKioqKioqKioqKioqKioqKioqKioqKioqKioqKioqKioqKioqKk1ZU1FMIERPTkUiCgpwaXAzIGluc3RhbGwgbXlzcWwtY29ubmVjdG9yCgoKCiMjIyMjIyMjIyMjIyMjIyMjIyMjIyMjIyMjIyMjIyMjIyMjIyMjIyMjIyMjIyMjIyMjIyMjIyMjIyMjIyMjIyMjIyMjIyMjIyMjIyMjIyMjCgpjZCAvaG9tZS9vcGMvcHl0aG9uX3Byb2plY3QvYXBwbGljYXRpb24vZnJvbnRlbmQgfHwgZXhpdCAxCgpzdWRvIGNob3duIC1SIG9wYzpvcGMgL2hvbWUvb3BjL3B5dGhvbl9wcm9qZWN0L2FwcGxpY2F0aW9uL2Zyb250ZW5kCgpzdWRvIG5wbSBpbnN0YWxsCgplY2hvICJeXl5eXl5eXl5eXl5eXl5eXl5eXl5eXl5eXl5eXl5eXl5eXl5eXl5eXl5eXkZST05URU5EIERFUExPWU1FTlQgU1RBUlRFRCIKCgpub2h1cCBucG0gc3RhcnQgPiAvaG9tZS9vcGMvZnJvbnRlbmQubG9nIDI+JjEgJgoKCmNkIC9ob21lL29wYy9weXRob25fcHJvamVjdC9hcHBsaWNhdGlvbi9iYWNrZW5kIHx8IGV4aXQgMQoKc291cmNlIC4vbXllbnYvYmluL2FjdGl2YXRlCgplY2hvICJeXl5eXl5eXl5eXl5eXl5eXl5eXl5eXl5eXl5eXl5eXl5eXl5eXl5eXl5eXkJBQ0tFTkQgREVQTE9ZTUVOVCBTVEFSVEVEIgoKbm9odXAgcHl0aG9uIGFwcC5weSA+IC9ob21lL29wYy9iYWNrZW5kLmxvZyAyPiYxICYKCgoKZWNobyAiKioqKioqKioqKioqKioqKioqKioqKioqKioqKioqKioqKioqKioqKioqKioqKioqKioqKioqKioqKioqKioqKioqKioqKioqKioqREVQTE9ZTUVOVCBET05FIgo="
            },
            "platform_config": [],
            "preemptible_instance_config": [],
            "preserve_boot_volume": null,
            "preserve_data_volumes_created_at_launch": null,
            "private_ip": "10.0.1.213",
            "public_ip": "144.24.248.73",
            "region": "eu-zurich-1",
            "security_attributes": {},
            "security_attributes_state": "STABLE",
            "shape": "VM.Standard.A1.Flex",
            "shape_config": [
              {
                "baseline_ocpu_utilization": "",
                "gpu_description": "",
                "gpus": 0,
                "local_disk_description": "",
                "local_disks": 0,
                "local_disks_total_size_in_gbs": 0,
                "max_vnic_attachments": 2,
                "memory_in_gbs": 16,
                "networking_bandwidth_in_gbps": 2,
                "nvmes": 0,
                "ocpus": 2,
                "processor_description": "3.0 GHz Ampere® Altra™",
                "vcpus": 2
              }
            ],
            "source_details": [
              {
                "boot_volume_size_in_gbs": "47",
                "boot_volume_vpus_per_gb": "10",
                "instance_source_image_filter_details": [],
                "is_preserve_boot_volume_enabled": false,
                "kms_key_id": "",
                "source_id": "ocid1.image.oc1.eu-zurich-1.aaaaaaaaf6suusmq5wgxegpva7vqogjsqgo7kxd2jognp4vxdty7pem3plta",
                "source_type": "image"
              }
            ],
            "state": "RUNNING",
            "subnet_id": "ocid1.subnet.oc1.eu-zurich-1.aaaaaaaadcnc67x4rtcmzzfgib5h473ddbj27pgonnclxvszr6tzpzdmui5q",
            "system_tags": {},
            "time_created": "2025-01-14 05:37:43.466 +0000 UTC",
            "time_maintenance_reboot_due": "",
            "timeouts": null,
            "update_operation_constraint": null
          },
          "sensitive_attributes": [],
          "private": "eyJlMmJmYjczMC1lY2FhLTExZTYtOGY4OC0zNDM2M2JjN2M0YzAiOnsiY3JlYXRlIjoyNzAwMDAwMDAwMDAwLCJkZWxldGUiOjQ1MDAwMDAwMDAwMDAsInVwZGF0ZSI6MjcwMDAwMDAwMDAwMH19",
          "dependencies": [
            "oci_core_network_security_group.nsg",
            "oci_core_subnet.subnet",
            "oci_core_virtual_network.vcn"
          ]
        }
      ]
    },
    {
      "mode": "managed",
      "type": "oci_core_internet_gateway",
      "name": "internet_gateway",
      "provider": "provider[\"registry.terraform.io/hashicorp/oci\"]",
      "instances": [
        {
          "schema_version": 0,
          "attributes": {
            "compartment_id": "ocid1.compartment.oc1..aaaaaaaayx4rhgxjak3xkobjyk77ibu3l4yhcgn7sbxcmxd3273zcniiksfa",
            "defined_tags": {
              "Oracle-Tags.CreatedBy": "oracleidentitycloudservice/sagar.chopade@avaloq.com",
              "Oracle-Tags.CreatedOn": "2025-01-14T04:18:57.900Z"
            },
            "display_name": "app-internet-gateway",
            "enabled": true,
            "freeform_tags": {},
            "id": "ocid1.internetgateway.oc1.eu-zurich-1.aaaaaaaal26fnd3wuyltjqelfqbxjfwmq6e745zli5q2ramkbznadlxwfchq",
            "route_table_id": null,
            "state": "AVAILABLE",
            "time_created": "2025-01-14 04:18:57.938 +0000 UTC",
            "timeouts": null,
            "vcn_id": "ocid1.vcn.oc1.eu-zurich-1.amaaaaaa2f6evfqav6g4ndvcbibse7hizqfoq6by6xzkyycxqzhibvg5co3q"
          },
          "sensitive_attributes": [],
          "private": "eyJlMmJmYjczMC1lY2FhLTExZTYtOGY4OC0zNDM2M2JjN2M0YzAiOnsiY3JlYXRlIjoxMjAwMDAwMDAwMDAwLCJkZWxldGUiOjEyMDAwMDAwMDAwMDAsInVwZGF0ZSI6MTIwMDAwMDAwMDAwMH19",
          "dependencies": [
            "oci_core_virtual_network.vcn"
          ]
        }
      ]
    },
    {
      "mode": "managed",
      "type": "oci_core_network_security_group",
      "name": "nsg",
      "provider": "provider[\"registry.terraform.io/hashicorp/oci\"]",
      "instances": [
        {
          "schema_version": 0,
          "attributes": {
            "compartment_id": "ocid1.compartment.oc1..aaaaaaaayx4rhgxjak3xkobjyk77ibu3l4yhcgn7sbxcmxd3273zcniiksfa",
            "defined_tags": {
              "Oracle-Tags.CreatedBy": "oracleidentitycloudservice/sagar.chopade@avaloq.com",
              "Oracle-Tags.CreatedOn": "2025-01-14T04:18:57.470Z"
            },
            "display_name": "app-nsg",
            "freeform_tags": {},
            "id": "ocid1.networksecuritygroup.oc1.eu-zurich-1.aaaaaaaa2iy6l4vfhq57ulhc77w5j55d7kgopdv24csgqfnponsaebotaukq",
            "state": "AVAILABLE",
            "time_created": "2025-01-14 04:18:57.564 +0000 UTC",
            "timeouts": null,
            "vcn_id": "ocid1.vcn.oc1.eu-zurich-1.amaaaaaa2f6evfqav6g4ndvcbibse7hizqfoq6by6xzkyycxqzhibvg5co3q"
          },
          "sensitive_attributes": [],
          "private": "eyJlMmJmYjczMC1lY2FhLTExZTYtOGY4OC0zNDM2M2JjN2M0YzAiOnsiY3JlYXRlIjoxMjAwMDAwMDAwMDAwLCJkZWxldGUiOjEyMDAwMDAwMDAwMDAsInVwZGF0ZSI6MTIwMDAwMDAwMDAwMH19",
          "dependencies": [
            "oci_core_virtual_network.vcn"
          ]
        }
      ]
    },
    {
      "mode": "managed",
      "type": "oci_core_network_security_group_security_rule",
      "name": "http_rule",
      "provider": "provider[\"registry.terraform.io/hashicorp/oci\"]",
      "instances": [
        {
          "schema_version": 0,
          "attributes": {
            "description": null,
            "destination": null,
            "destination_type": "",
            "direction": "INGRESS",
            "icmp_options": [],
            "id": "0965CB",
            "is_valid": true,
            "network_security_group_id": "ocid1.networksecuritygroup.oc1.eu-zurich-1.aaaaaaaa2iy6l4vfhq57ulhc77w5j55d7kgopdv24csgqfnponsaebotaukq",
            "protocol": "6",
            "source": "0.0.0.0/0",
            "source_type": "CIDR_BLOCK",
            "stateless": false,
            "tcp_options": [
              {
                "destination_port_range": [
                  {
                    "max": 80,
                    "min": 80
                  }
                ],
                "source_port_range": []
              }
            ],
            "time_created": "2025-01-14 09:22:46.518 +0000 UTC",
            "timeouts": null,
            "udp_options": []
          },
          "sensitive_attributes": [],
          "private": "eyJlMmJmYjczMC1lY2FhLTExZTYtOGY4OC0zNDM2M2JjN2M0YzAiOnsiY3JlYXRlIjoxMjAwMDAwMDAwMDAwLCJkZWxldGUiOjEyMDAwMDAwMDAwMDAsInVwZGF0ZSI6MTIwMDAwMDAwMDAwMH19",
          "dependencies": [
            "oci_core_network_security_group.nsg",
            "oci_core_virtual_network.vcn"
          ]
        }
      ]
    },
    {
      "mode": "managed",
      "type": "oci_core_network_security_group_security_rule",
      "name": "python_rule",
      "provider": "provider[\"registry.terraform.io/hashicorp/oci\"]",
      "instances": [
        {
          "schema_version": 0,
          "attributes": {
            "description": "Allow Python run on 5000 port",
            "destination": null,
            "destination_type": "",
            "direction": "INGRESS",
            "icmp_options": [],
            "id": "8FDEC9",
            "is_valid": true,
            "network_security_group_id": "ocid1.networksecuritygroup.oc1.eu-zurich-1.aaaaaaaa2iy6l4vfhq57ulhc77w5j55d7kgopdv24csgqfnponsaebotaukq",
            "protocol": "6",
            "source": "0.0.0.0/0",
            "source_type": "CIDR_BLOCK",
            "stateless": false,
            "tcp_options": [
              {
                "destination_port_range": [
                  {
                    "max": 5000,
                    "min": 5000
                  }
                ],
                "source_port_range": []
              }
            ],
            "time_created": "2025-01-14 09:22:48.946 +0000 UTC",
            "timeouts": null,
            "udp_options": []
          },
          "sensitive_attributes": [],
          "private": "eyJlMmJmYjczMC1lY2FhLTExZTYtOGY4OC0zNDM2M2JjN2M0YzAiOnsiY3JlYXRlIjoxMjAwMDAwMDAwMDAwLCJkZWxldGUiOjEyMDAwMDAwMDAwMDAsInVwZGF0ZSI6MTIwMDAwMDAwMDAwMH19",
          "dependencies": [
            "oci_core_network_security_group.nsg",
            "oci_core_virtual_network.vcn"
          ]
        }
      ]
    },
    {
      "mode": "managed",
      "type": "oci_core_network_security_group_security_rule",
      "name": "react_rule",
      "provider": "provider[\"registry.terraform.io/hashicorp/oci\"]",
      "instances": [
        {
          "schema_version": 0,
          "attributes": {
            "description": "Allow React run on 3000 port",
            "destination": null,
            "destination_type": "",
            "direction": "INGRESS",
            "icmp_options": [],
            "id": "7F7D29",
            "is_valid": true,
            "network_security_group_id": "ocid1.networksecuritygroup.oc1.eu-zurich-1.aaaaaaaa2iy6l4vfhq57ulhc77w5j55d7kgopdv24csgqfnponsaebotaukq",
            "protocol": "6",
            "source": "0.0.0.0/0",
            "source_type": "CIDR_BLOCK",
            "stateless": false,
            "tcp_options": [
              {
                "destination_port_range": [
                  {
                    "max": 3000,
                    "min": 3000
                  }
                ],
                "source_port_range": []
              }
            ],
            "time_created": "2025-01-14 04:18:58.719 +0000 UTC",
            "timeouts": null,
            "udp_options": []
          },
          "sensitive_attributes": [],
          "private": "eyJlMmJmYjczMC1lY2FhLTExZTYtOGY4OC0zNDM2M2JjN2M0YzAiOnsiY3JlYXRlIjoxMjAwMDAwMDAwMDAwLCJkZWxldGUiOjEyMDAwMDAwMDAwMDAsInVwZGF0ZSI6MTIwMDAwMDAwMDAwMH19",
          "dependencies": [
            "oci_core_network_security_group.nsg",
            "oci_core_virtual_network.vcn"
          ]
        }
      ]
    },
    {
      "mode": "managed",
      "type": "oci_core_network_security_group_security_rule",
      "name": "ssh_rule",
      "provider": "provider[\"registry.terraform.io/hashicorp/oci\"]",
      "instances": [
        {
          "schema_version": 0,
          "attributes": {
            "description": "Allow HTTP traffic",
            "destination": null,
            "destination_type": "",
            "direction": "INGRESS",
            "icmp_options": [],
            "id": "01CEBD",
            "is_valid": true,
            "network_security_group_id": "ocid1.networksecuritygroup.oc1.eu-zurich-1.aaaaaaaa2iy6l4vfhq57ulhc77w5j55d7kgopdv24csgqfnponsaebotaukq",
            "protocol": "6",
            "source": "0.0.0.0/0",
            "source_type": "CIDR_BLOCK",
            "stateless": false,
            "tcp_options": [
              {
                "destination_port_range": [
                  {
                    "max": 22,
                    "min": 22
                  }
                ],
                "source_port_range": []
              }
            ],
            "time_created": "2025-01-14 04:18:58.593 +0000 UTC",
            "timeouts": null,
            "udp_options": []
          },
          "sensitive_attributes": [],
          "private": "eyJlMmJmYjczMC1lY2FhLTExZTYtOGY4OC0zNDM2M2JjN2M0YzAiOnsiY3JlYXRlIjoxMjAwMDAwMDAwMDAwLCJkZWxldGUiOjEyMDAwMDAwMDAwMDAsInVwZGF0ZSI6MTIwMDAwMDAwMDAwMH19",
          "dependencies": [
            "oci_core_network_security_group.nsg",
            "oci_core_virtual_network.vcn"
          ]
        }
      ]
    },
    {
      "mode": "managed",
      "type": "oci_core_route_table",
      "name": "route_table",
      "provider": "provider[\"registry.terraform.io/hashicorp/oci\"]",
      "instances": [
        {
          "schema_version": 0,
          "attributes": {
            "compartment_id": "ocid1.compartment.oc1..aaaaaaaayx4rhgxjak3xkobjyk77ibu3l4yhcgn7sbxcmxd3273zcniiksfa",
            "defined_tags": {
              "Oracle-Tags.CreatedBy": "oracleidentitycloudservice/sagar.chopade@avaloq.com",
              "Oracle-Tags.CreatedOn": "2025-01-14T04:18:59.203Z"
            },
            "display_name": "app-route-table",
            "freeform_tags": {},
            "id": "ocid1.routetable.oc1.eu-zurich-1.aaaaaaaagabs32t73c6ckugcdzlejt43rf32srfkib63jwm23frmghjwkiwq",
            "route_rules": [
              {
                "cidr_block": "0.0.0.0/0",
                "description": "",
                "destination": "0.0.0.0/0",
                "destination_type": "CIDR_BLOCK",
                "network_entity_id": "ocid1.internetgateway.oc1.eu-zurich-1.aaaaaaaal26fnd3wuyltjqelfqbxjfwmq6e745zli5q2ramkbznadlxwfchq",
                "route_type": ""
              }
            ],
            "state": "AVAILABLE",
            "time_created": "2025-01-14 04:18:59.23 +0000 UTC",
            "timeouts": null,
            "vcn_id": "ocid1.vcn.oc1.eu-zurich-1.amaaaaaa2f6evfqav6g4ndvcbibse7hizqfoq6by6xzkyycxqzhibvg5co3q"
          },
          "sensitive_attributes": [],
          "private": "eyJlMmJmYjczMC1lY2FhLTExZTYtOGY4OC0zNDM2M2JjN2M0YzAiOnsiY3JlYXRlIjoxMjAwMDAwMDAwMDAwLCJkZWxldGUiOjEyMDAwMDAwMDAwMDAsInVwZGF0ZSI6MTIwMDAwMDAwMDAwMH19",
          "dependencies": [
            "oci_core_internet_gateway.internet_gateway",
            "oci_core_virtual_network.vcn"
          ]
        }
      ]
    },
    {
      "mode": "managed",
      "type": "oci_core_route_table_attachment",
      "name": "route_table_attachment",
      "provider": "provider[\"registry.terraform.io/hashicorp/oci\"]",
      "instances": [
        {
          "schema_version": 0,
          "attributes": {
            "id": "ocid1.subnet.oc1.eu-zurich-1.aaaaaaaadcnc67x4rtcmzzfgib5h473ddbj27pgonnclxvszr6tzpzdmui5q/ocid1.routetable.oc1.eu-zurich-1.aaaaaaaagabs32t73c6ckugcdzlejt43rf32srfkib63jwm23frmghjwkiwq",
            "route_table_id": "ocid1.routetable.oc1.eu-zurich-1.aaaaaaaagabs32t73c6ckugcdzlejt43rf32srfkib63jwm23frmghjwkiwq",
            "subnet_id": "ocid1.subnet.oc1.eu-zurich-1.aaaaaaaadcnc67x4rtcmzzfgib5h473ddbj27pgonnclxvszr6tzpzdmui5q",
            "timeouts": null
          },
          "sensitive_attributes": [],
          "private": "eyJlMmJmYjczMC1lY2FhLTExZTYtOGY4OC0zNDM2M2JjN2M0YzAiOnsiY3JlYXRlIjoxMjAwMDAwMDAwMDAwLCJkZWxldGUiOjEyMDAwMDAwMDAwMDAsInVwZGF0ZSI6MTIwMDAwMDAwMDAwMH19",
          "dependencies": [
            "oci_core_internet_gateway.internet_gateway",
            "oci_core_route_table.route_table",
            "oci_core_subnet.subnet",
            "oci_core_virtual_network.vcn"
          ]
        }
      ]
    },
    {
      "mode": "managed",
      "type": "oci_core_subnet",
      "name": "subnet",
      "provider": "provider[\"registry.terraform.io/hashicorp/oci\"]",
      "instances": [
        {
          "schema_version": 0,
          "attributes": {
            "availability_domain": null,
            "cidr_block": "10.0.1.0/24",
            "compartment_id": "ocid1.compartment.oc1..aaaaaaaayx4rhgxjak3xkobjyk77ibu3l4yhcgn7sbxcmxd3273zcniiksfa",
            "defined_tags": {
              "Oracle-Tags.CreatedBy": "oracleidentitycloudservice/sagar.chopade@avaloq.com",
              "Oracle-Tags.CreatedOn": "2025-01-14T04:18:58.151Z"
            },
            "dhcp_options_id": "ocid1.dhcpoptions.oc1.eu-zurich-1.aaaaaaaa5tafanlgyutc2tdsdsekxf6vqtelzktqrryfgsxp7efjohmadjlq",
            "display_name": "app-subnet",
            "dns_label": "mysubnet",
            "freeform_tags": {},
            "id": "ocid1.subnet.oc1.eu-zurich-1.aaaaaaaadcnc67x4rtcmzzfgib5h473ddbj27pgonnclxvszr6tzpzdmui5q",
            "ipv6cidr_block": null,
            "ipv6cidr_blocks": [],
            "ipv6virtual_router_ip": null,
            "prohibit_internet_ingress": false,
            "prohibit_public_ip_on_vnic": false,
            "route_table_id": "ocid1.routetable.oc1.eu-zurich-1.aaaaaaaagabs32t73c6ckugcdzlejt43rf32srfkib63jwm23frmghjwkiwq",
            "security_list_ids": [
              "ocid1.securitylist.oc1.eu-zurich-1.aaaaaaaavvecqe5r7hto2j4hyknnghjpqf4xr2fbfnaqrrbzlvw5wvyw6d3q"
            ],
            "state": "AVAILABLE",
            "subnet_domain_name": "mysubnet.myvcn.oraclevcn.com",
            "time_created": "2025-01-14 04:18:58.194 +0000 UTC",
            "timeouts": null,
            "vcn_id": "ocid1.vcn.oc1.eu-zurich-1.amaaaaaa2f6evfqav6g4ndvcbibse7hizqfoq6by6xzkyycxqzhibvg5co3q",
            "virtual_router_ip": "10.0.1.1",
            "virtual_router_mac": "00:00:17:AC:ED:92"
          },
          "sensitive_attributes": [],
          "private": "eyJlMmJmYjczMC1lY2FhLTExZTYtOGY4OC0zNDM2M2JjN2M0YzAiOnsiY3JlYXRlIjoxMjAwMDAwMDAwMDAwLCJkZWxldGUiOjEyMDAwMDAwMDAwMDAsInVwZGF0ZSI6MTIwMDAwMDAwMDAwMH19",
          "dependencies": [
            "oci_core_virtual_network.vcn"
          ]
        }
      ]
    },
    {
      "mode": "managed",
      "type": "oci_core_virtual_network",
      "name": "vcn",
      "provider": "provider[\"registry.terraform.io/hashicorp/oci\"]",
      "instances": [
        {
          "schema_version": 0,
          "attributes": {
            "byoipv6cidr_blocks": [],
            "byoipv6cidr_details": [],
            "cidr_block": "10.0.0.0/16",
            "cidr_blocks": [
              "10.0.0.0/16"
            ],
            "compartment_id": "ocid1.compartment.oc1..aaaaaaaayx4rhgxjak3xkobjyk77ibu3l4yhcgn7sbxcmxd3273zcniiksfa",
            "default_dhcp_options_id": "ocid1.dhcpoptions.oc1.eu-zurich-1.aaaaaaaa5tafanlgyutc2tdsdsekxf6vqtelzktqrryfgsxp7efjohmadjlq",
            "default_route_table_id": "ocid1.routetable.oc1.eu-zurich-1.aaaaaaaadivyng64u7h7lz7e3ieincddzmh6mrgeyqu5l32rs7bjazbi4glq",
            "default_security_list_id": "ocid1.securitylist.oc1.eu-zurich-1.aaaaaaaavvecqe5r7hto2j4hyknnghjpqf4xr2fbfnaqrrbzlvw5wvyw6d3q",
            "defined_tags": {
              "Oracle-Tags.CreatedBy": "oracleidentitycloudservice/sagar.chopade@avaloq.com",
              "Oracle-Tags.CreatedOn": "2025-01-14T04:18:56.581Z"
            },
            "display_name": "app-vcn",
            "dns_label": "myvcn",
            "freeform_tags": {},
            "id": "ocid1.vcn.oc1.eu-zurich-1.amaaaaaa2f6evfqav6g4ndvcbibse7hizqfoq6by6xzkyycxqzhibvg5co3q",
            "ipv6cidr_blocks": [],
            "ipv6private_cidr_blocks": [],
            "is_ipv6enabled": false,
            "is_oracle_gua_allocation_enabled": null,
            "security_attributes": {},
            "state": "AVAILABLE",
            "time_created": "2025-01-14 04:18:56.638 +0000 UTC",
            "timeouts": null,
            "vcn_domain_name": "myvcn.oraclevcn.com"
          },
          "sensitive_attributes": [],
          "private": "eyJlMmJmYjczMC1lY2FhLTExZTYtOGY4OC0zNDM2M2JjN2M0YzAiOnsiY3JlYXRlIjoxMjAwMDAwMDAwMDAwLCJkZWxldGUiOjEyMDAwMDAwMDAwMDAsInVwZGF0ZSI6MTIwMDAwMDAwMDAwMH19"
        }
      ]
    }
  ],
  "check_results": null
}
