{
  "version": 4,
  "terraform_version": "1.4.5",
  "serial": 6,
  "lineage": "a8fee448-5208-3ac5-2120-ec7123780394",
  "outputs": {},
  "resources": [
    {
      "mode": "managed",
      "type": "oci_core_instance",
      "name": "test_instance",
      "provider": "provider[\"registry.terraform.io/hashicorp/oci\"]",
      "instances": [
        {
          "schema_version": 0,
          "attributes": {
            "agent_config": [
              {
                "are_all_plugins_disabled": false,
                "is_management_disabled": false,
                "is_monitoring_disabled": false,
                "plugins_config": []
              }
            ],
            "async": null,
            "availability_config": [
              {
                "is_live_migration_preferred": false,
                "recovery_action": "RESTORE_INSTANCE"
              }
            ],
            "availability_domain": "ORSi:AP-MUMBAI-1-AD-1",
            "boot_volume_id": "ocid1.bootvolume.oc1.ap-mumbai-1.abrg6ljreznc6hko6u3rfxssnshctr3af46hwpclujz3lsx2zxg7nsuymvua",
            "capacity_reservation_id": null,
            "compartment_id": "ocid1.compartment.oc1..aaaaaaaaygmkzd3qzze5hoxhwmextmh43e3rmnzihdopcnnqy5p3tddyqh2a",
            "compute_cluster_id": null,
            "create_vnic_details": [
              {
                "assign_private_dns_record": false,
                "assign_public_ip": "true",
                "defined_tags": {
                  "Oracle-Tags.CreatedBy": "default/walunjkarrohan@gmail.com",
                  "Oracle-Tags.CreatedOn": "2024-12-19T07:01:37.592Z"
                },
                "display_name": "my_instance",
                "freeform_tags": {},
                "hostname_label": "my-instance",
                "nsg_ids": [
                  "ocid1.networksecuritygroup.oc1.ap-mumbai-1.aaaaaaaabhihp2mzwdtciynwemqb3ul56rm3vrn33a23taiipy65lvjy74aa"
                ],
                "private_ip": "10.0.1.13",
                "skip_source_dest_check": false,
                "subnet_id": "ocid1.subnet.oc1.ap-mumbai-1.aaaaaaaab3kdn4hyj3a27ylybzgyyfmjecgnkxa3k6y5pavrjg5s2yx3whfq",
                "vlan_id": ""
              }
            ],
            "dedicated_vm_host_id": null,
            "defined_tags": {
              "Oracle-Tags.CreatedBy": "default/walunjkarrohan@gmail.com",
              "Oracle-Tags.CreatedOn": "2024-12-19T07:01:37.447Z"
            },
            "display_name": "app-instance",
            "extended_metadata": {},
            "fault_domain": "FAULT-DOMAIN-3",
            "freeform_tags": {},
            "hostname_label": "my-instance",
            "id": "ocid1.instance.oc1.ap-mumbai-1.anrg6ljr3qiokdacxugbkbgqi6i7pnkt3jadwazwnufo6fd46snvmr3tqjzq",
            "image": "ocid1.image.oc1.ap-mumbai-1.aaaaaaaas36pyk6rlwikddubsplrbbfpjqz3xdrfv76i73434upzxnfq3vpq",
            "instance_options": [
              {
                "are_legacy_imds_endpoints_disabled": false
              }
            ],
            "ipxe_script": null,
            "is_pv_encryption_in_transit_enabled": null,
            "launch_mode": "PARAVIRTUALIZED",
            "launch_options": [
              {
                "boot_volume_type": "PARAVIRTUALIZED",
                "firmware": "UEFI_64",
                "is_consistent_volume_naming_enabled": true,
                "is_pv_encryption_in_transit_enabled": false,
                "network_type": "PARAVIRTUALIZED",
                "remote_data_volume_type": "PARAVIRTUALIZED"
              }
            ],
            "metadata": {
              "ssh_authorized_keys": "ssh-rsa AAAAB3NzaC1yc2EAAAADAQABAAABgQDQ6bptAIZNzPMTirqCfQ++MuFEXq9cOXy4j3HJyYhfYg4fhKF14O03QbFBTYmvRJPL+yfLBdWZp/B9RJow9g9Z/o0BEOcN32+L79nSm0/KRtT32M51oSxiFkS+pHCm+sUQEtbnpq8Tj0Y9uFYc+mALruHFXw/NVCyWROLwKhrQi/HQnb1fgiQRviZBdM0aCusqTOxyny5PPO4OWLPv8H4u1VTS8Fj6yA0unjJzMT6sl4u4eXVtpFdlMnnFTgAMjBSulxVid+FFU7qIO/6wlIk5kT7yrfWxXM3mMD1PKXQZEhHOJBqocXioVXwxFG5F6zVWkFfpd9DpV2UdrzZWxwWh/QcliVVwEY+VsWNAlQJMd1lXcM8VdjtO5MpbXP5cNm174CpvC9SXApGDfbL7OEH/8zq7HpwDICeojsp3SGhRTqZF+cxy7JMIBOfDO0zo23ach6Gg45Hj7KvPN23wDgocXZrwAZs1dDueL1QxZC1IccPuEZ8f7FURr/m8deWh88k= sysd48@WCLINB110039"
            },
            "platform_config": [],
            "preemptible_instance_config": [],
            "preserve_boot_volume": null,
            "private_ip": "10.0.1.13",
            "public_ip": "144.24.119.109",
            "region": "ap-mumbai-1",
            "shape": "VM.Standard.E2.1",
            "shape_config": [
              {
                "baseline_ocpu_utilization": "",
                "gpu_description": "",
                "gpus": 0,
                "local_disk_description": "",
                "local_disks": 0,
                "local_disks_total_size_in_gbs": 0,
                "max_vnic_attachments": 2,
                "memory_in_gbs": 8,
                "networking_bandwidth_in_gbps": 0.699999988079071,
                "nvmes": 0,
                "ocpus": 1,
                "processor_description": "2.0 GHz AMD EPYC™ 7551 (Naples)"
              }
            ],
            "source_details": [
              {
                "boot_volume_size_in_gbs": "50",
                "boot_volume_vpus_per_gb": "10",
                "kms_key_id": "",
                "source_id": "ocid1.image.oc1.ap-mumbai-1.aaaaaaaas36pyk6rlwikddubsplrbbfpjqz3xdrfv76i73434upzxnfq3vpq",
                "source_type": "image"
              }
            ],
            "state": "RUNNING",
            "subnet_id": "ocid1.subnet.oc1.ap-mumbai-1.aaaaaaaab3kdn4hyj3a27ylybzgyyfmjecgnkxa3k6y5pavrjg5s2yx3whfq",
            "system_tags": {},
            "time_created": "2024-12-19 07:01:38.17 +0000 UTC",
            "time_maintenance_reboot_due": "",
            "timeouts": {
              "create": null,
              "delete": null,
              "update": null
            },
            "update_operation_constraint": null
          },
          "sensitive_attributes": [],
          "private": "eyJlMmJmYjczMC1lY2FhLTExZTYtOGY4OC0zNDM2M2JjN2M0YzAiOnsiY3JlYXRlIjoyNzAwMDAwMDAwMDAwLCJkZWxldGUiOjQ1MDAwMDAwMDAwMDAsInVwZGF0ZSI6MjcwMDAwMDAwMDAwMH0sInNjaGVtYV92ZXJzaW9uIjoiMCJ9"
        }
      ]
    },
    {
      "mode": "managed",
      "type": "oci_core_internet_gateway",
      "name": "internet_gateway",
      "provider": "provider[\"registry.terraform.io/hashicorp/oci\"]",
      "instances": [
        {
          "schema_version": 0,
          "attributes": {
            "compartment_id": "ocid1.compartment.oc1..aaaaaaaaygmkzd3qzze5hoxhwmextmh43e3rmnzihdopcnnqy5p3tddyqh2a",
            "defined_tags": {
              "Oracle-Tags.CreatedBy": "default/walunjkarrohan@gmail.com",
              "Oracle-Tags.CreatedOn": "2024-12-19T07:01:34.981Z"
            },
            "display_name": "app-internet-gateway",
            "enabled": true,
            "freeform_tags": {},
            "id": "ocid1.internetgateway.oc1.ap-mumbai-1.aaaaaaaazfzeop5mbdio6xunqxgj2t2e5pjavdw2aivq2esed5kc7lkgqqkq",
            "route_table_id": null,
            "state": "AVAILABLE",
            "time_created": "2024-12-19 07:01:35.023 +0000 UTC",
            "timeouts": {
              "create": null,
              "delete": null,
              "update": null
            },
            "vcn_id": "ocid1.vcn.oc1.ap-mumbai-1.amaaaaaa3qiokdaav67erwv5f7shbq6d7iexio7oclvjfyth5glgvoeg6m5q"
          },
          "sensitive_attributes": [],
          "private": "eyJlMmJmYjczMC1lY2FhLTExZTYtOGY4OC0zNDM2M2JjN2M0YzAiOnsiY3JlYXRlIjoxMjAwMDAwMDAwMDAwLCJkZWxldGUiOjEyMDAwMDAwMDAwMDAsInVwZGF0ZSI6MTIwMDAwMDAwMDAwMH0sInNjaGVtYV92ZXJzaW9uIjoiMCJ9"
        }
      ]
    },
    {
      "mode": "managed",
      "type": "oci_core_network_security_group",
      "name": "nsg",
      "provider": "provider[\"registry.terraform.io/hashicorp/oci\"]",
      "instances": [
        {
          "schema_version": 0,
          "attributes": {
            "compartment_id": "ocid1.compartment.oc1..aaaaaaaaygmkzd3qzze5hoxhwmextmh43e3rmnzihdopcnnqy5p3tddyqh2a",
            "defined_tags": {
              "Oracle-Tags.CreatedBy": "default/walunjkarrohan@gmail.com",
              "Oracle-Tags.CreatedOn": "2024-12-19T07:01:34.969Z"
            },
            "display_name": "app-nsg",
            "freeform_tags": {},
            "id": "ocid1.networksecuritygroup.oc1.ap-mumbai-1.aaaaaaaabhihp2mzwdtciynwemqb3ul56rm3vrn33a23taiipy65lvjy74aa",
            "state": "AVAILABLE",
            "time_created": "2024-12-19 07:01:35.129 +0000 UTC",
            "timeouts": {
              "create": null,
              "delete": null,
              "update": null
            },
            "vcn_id": "ocid1.vcn.oc1.ap-mumbai-1.amaaaaaa3qiokdaav67erwv5f7shbq6d7iexio7oclvjfyth5glgvoeg6m5q"
          },
          "sensitive_attributes": [],
          "private": "eyJlMmJmYjczMC1lY2FhLTExZTYtOGY4OC0zNDM2M2JjN2M0YzAiOnsiY3JlYXRlIjoxMjAwMDAwMDAwMDAwLCJkZWxldGUiOjEyMDAwMDAwMDAwMDAsInVwZGF0ZSI6MTIwMDAwMDAwMDAwMH0sInNjaGVtYV92ZXJzaW9uIjoiMCJ9"
        }
      ]
    },
    {
      "mode": "managed",
      "type": "oci_core_route_table",
      "name": "route_table",
      "provider": "provider[\"registry.terraform.io/hashicorp/oci\"]",
      "instances": [
        {
          "schema_version": 0,
          "attributes": {
            "compartment_id": "ocid1.compartment.oc1..aaaaaaaaygmkzd3qzze5hoxhwmextmh43e3rmnzihdopcnnqy5p3tddyqh2a",
            "defined_tags": {
              "Oracle-Tags.CreatedBy": "default/walunjkarrohan@gmail.com",
              "Oracle-Tags.CreatedOn": "2024-12-19T07:01:34.291Z"
            },
            "display_name": "Default Route Table for my_vcn",
            "freeform_tags": {},
            "id": "ocid1.routetable.oc1.ap-mumbai-1.aaaaaaaayn7ailvqmccrn5h4djgjtlkfhefxsbxcwvn526v4vbnxw5jwskva",
            "route_rules": [],
            "state": "AVAILABLE",
            "time_created": "2024-12-19 07:01:34.378 +0000 UTC",
            "timeouts": {
              "create": null,
              "delete": null,
              "update": null
            },
            "vcn_id": "ocid1.vcn.oc1.ap-mumbai-1.amaaaaaa3qiokdaav67erwv5f7shbq6d7iexio7oclvjfyth5glgvoeg6m5q"
          },
          "sensitive_attributes": [],
          "private": "eyJlMmJmYjczMC1lY2FhLTExZTYtOGY4OC0zNDM2M2JjN2M0YzAiOnsiY3JlYXRlIjoxMjAwMDAwMDAwMDAwLCJkZWxldGUiOjEyMDAwMDAwMDAwMDAsInVwZGF0ZSI6MTIwMDAwMDAwMDAwMH0sInNjaGVtYV92ZXJzaW9uIjoiMCJ9"
        }
      ]
    },
    {
      "mode": "managed",
      "type": "oci_core_subnet",
      "name": "subnet",
      "provider": "provider[\"registry.terraform.io/hashicorp/oci\"]",
      "instances": [
        {
          "schema_version": 0,
          "attributes": {
            "availability_domain": null,
            "cidr_block": "10.0.1.0/24",
            "compartment_id": "ocid1.compartment.oc1..aaaaaaaaygmkzd3qzze5hoxhwmextmh43e3rmnzihdopcnnqy5p3tddyqh2a",
            "defined_tags": {
              "Oracle-Tags.CreatedBy": "default/walunjkarrohan@gmail.com",
              "Oracle-Tags.CreatedOn": "2024-12-19T07:01:34.961Z"
            },
            "dhcp_options_id": "ocid1.dhcpoptions.oc1.ap-mumbai-1.aaaaaaaagupk6bixveyo4o5prmunpbbpqip7bfe2oniedwcxgsbqvbprg64a",
            "display_name": "app-subnet",
            "dns_label": "mysubnet",
            "freeform_tags": {},
            "id": "ocid1.subnet.oc1.ap-mumbai-1.aaaaaaaab3kdn4hyj3a27ylybzgyyfmjecgnkxa3k6y5pavrjg5s2yx3whfq",
            "ipv6cidr_block": null,
            "ipv6cidr_blocks": [],
            "ipv6virtual_router_ip": null,
            "prohibit_internet_ingress": false,
            "prohibit_public_ip_on_vnic": false,
            "route_table_id": "ocid1.routetable.oc1.ap-mumbai-1.aaaaaaaaoy67z4xezwt24r6ljpigiwyqd3cv2va2pt4gdpof66s5vtafcz5a",
            "security_list_ids": [
              "ocid1.securitylist.oc1.ap-mumbai-1.aaaaaaaauzbkjfyzhjnraye6yz4ds5bkupn53ay6s7vyfjj25iscse63i6ua"
            ],
            "state": "AVAILABLE",
            "subnet_domain_name": "mysubnet.myvcn.oraclevcn.com",
            "time_created": "2024-12-19 07:01:35.017 +0000 UTC",
            "timeouts": {
              "create": null,
              "delete": null,
              "update": null
            },
            "vcn_id": "ocid1.vcn.oc1.ap-mumbai-1.amaaaaaa3qiokdaav67erwv5f7shbq6d7iexio7oclvjfyth5glgvoeg6m5q",
            "virtual_router_ip": "10.0.1.1",
            "virtual_router_mac": "00:00:17:C6:F5:CE"
          },
          "sensitive_attributes": [],
          "private": "eyJlMmJmYjczMC1lY2FhLTExZTYtOGY4OC0zNDM2M2JjN2M0YzAiOnsiY3JlYXRlIjoxMjAwMDAwMDAwMDAwLCJkZWxldGUiOjEyMDAwMDAwMDAwMDAsInVwZGF0ZSI6MTIwMDAwMDAwMDAwMH0sInNjaGVtYV92ZXJzaW9uIjoiMCJ9"
        }
      ]
    },
    {
      "mode": "managed",
      "type": "oci_core_virtual_network",
      "name": "vcn",
      "provider": "provider[\"registry.terraform.io/hashicorp/oci\"]",
      "instances": [
        {
          "schema_version": 0,
          "attributes": {
            "byoipv6cidr_blocks": [],
            "byoipv6cidr_details": [],
            "cidr_block": "10.0.0.0/16",
            "cidr_blocks": [
              "10.0.0.0/16"
            ],
            "compartment_id": "ocid1.compartment.oc1..aaaaaaaaygmkzd3qzze5hoxhwmextmh43e3rmnzihdopcnnqy5p3tddyqh2a",
            "default_dhcp_options_id": "ocid1.dhcpoptions.oc1.ap-mumbai-1.aaaaaaaagupk6bixveyo4o5prmunpbbpqip7bfe2oniedwcxgsbqvbprg64a",
            "default_route_table_id": "ocid1.routetable.oc1.ap-mumbai-1.aaaaaaaayn7ailvqmccrn5h4djgjtlkfhefxsbxcwvn526v4vbnxw5jwskva",
            "default_security_list_id": "ocid1.securitylist.oc1.ap-mumbai-1.aaaaaaaauzbkjfyzhjnraye6yz4ds5bkupn53ay6s7vyfjj25iscse63i6ua",
            "defined_tags": {
              "Oracle-Tags.CreatedBy": "default/walunjkarrohan@gmail.com",
              "Oracle-Tags.CreatedOn": "2024-12-19T07:01:34.291Z"
            },
            "display_name": "app-vcn",
            "dns_label": "myvcn",
            "freeform_tags": {},
            "id": "ocid1.vcn.oc1.ap-mumbai-1.amaaaaaa3qiokdaav67erwv5f7shbq6d7iexio7oclvjfyth5glgvoeg6m5q",
            "ipv6cidr_blocks": [],
            "ipv6private_cidr_blocks": [],
            "is_ipv6enabled": false,
            "is_oracle_gua_allocation_enabled": null,
            "state": "AVAILABLE",
            "time_created": "2024-12-19 07:01:34.378 +0000 UTC",
            "timeouts": {
              "create": null,
              "delete": null,
              "update": null
            },
            "vcn_domain_name": "myvcn.oraclevcn.com"
          },
          "sensitive_attributes": [],
          "private": "eyJlMmJmYjczMC1lY2FhLTExZTYtOGY4OC0zNDM2M2JjN2M0YzAiOnsiY3JlYXRlIjoxMjAwMDAwMDAwMDAwLCJkZWxldGUiOjEyMDAwMDAwMDAwMDAsInVwZGF0ZSI6MTIwMDAwMDAwMDAwMH0sInNjaGVtYV92ZXJzaW9uIjoiMCJ9"
        }
      ]
    }
  ],
  "check_results": null
}