{
  "version": 4,
  "terraform_version": "1.10.3",
  "serial": 52,
  "lineage": "a8fee448-5208-3ac5-2120-ec7123780394",
  "outputs": {},
  "resources": [
    {
      "mode": "managed",
      "type": "oci_core_instance",
      "name": "test_instance",
      "provider": "provider[\"registry.terraform.io/hashicorp/oci\"]",
      "instances": [
        {
          "status": "tainted",
          "schema_version": 0,
          "attributes": {
            "agent_config": [
              {
                "are_all_plugins_disabled": false,
                "is_management_disabled": false,
                "is_monitoring_disabled": false,
                "plugins_config": []
              }
            ],
            "async": null,
            "availability_config": [
              {
                "is_live_migration_preferred": false,
                "recovery_action": "RESTORE_INSTANCE"
              }
            ],
            "availability_domain": "ORSi:AP-MUMBAI-1-AD-1",
            "boot_volume_id": "ocid1.bootvolume.oc1.ap-mumbai-1.abrg6ljrw7mwgoxbp672jk2mpk6qxid52ptunew4dqh2fjj5ndlcgtq2mmsa",
            "capacity_reservation_id": null,
            "cluster_placement_group_id": null,
            "compartment_id": "ocid1.compartment.oc1..aaaaaaaacemk47pwdwb73vqom4zozwbvjembyypo7evi35hhfu2slbhtgwhq",
            "compute_cluster_id": null,
            "create_vnic_details": [
              {
                "assign_ipv6ip": false,
                "assign_private_dns_record": false,
                "assign_public_ip": "true",
                "defined_tags": {
                  "Oracle-Tags.CreatedBy": "default/walunjkarrohan@gmail.com",
                  "Oracle-Tags.CreatedOn": "2025-01-03T09:37:33.911Z"
                },
                "display_name": "app_instance",
                "freeform_tags": {},
                "hostname_label": "app-instance",
                "ipv6address_ipv6subnet_cidr_pair_details": [],
                "nsg_ids": [
                  "ocid1.networksecuritygroup.oc1.ap-mumbai-1.aaaaaaaauoxvmywwr5g2ilqwdfc6iqiivjp6s22vrwp2iqvpm23w2u5sz53a"
                ],
                "private_ip": "10.0.1.238",
                "security_attributes": {},
                "skip_source_dest_check": false,
                "subnet_id": "ocid1.subnet.oc1.ap-mumbai-1.aaaaaaaay3xggtg5sc3lfzcu2thuldoteyzi3s6enw7ejrb34ookcoju5nqa",
                "vlan_id": ""
              }
            ],
            "dedicated_vm_host_id": null,
            "defined_tags": {
              "Oracle-Tags.CreatedBy": "default/walunjkarrohan@gmail.com",
              "Oracle-Tags.CreatedOn": "2025-01-03T09:37:33.772Z"
            },
            "display_name": "app_instance",
            "extended_metadata": {},
            "fault_domain": "FAULT-DOMAIN-2",
            "freeform_tags": {},
            "hostname_label": "app-instance",
            "id": "ocid1.instance.oc1.ap-mumbai-1.anrg6ljr3qiokdacnh24r42r6j5xztkmqdjuldu5yrwbfiaxnwl6yric3mha",
            "image": "ocid1.image.oc1.ap-mumbai-1.aaaaaaaawqgxow5zgojwpiftwhfahpmasv3d6trtgfh2gwzemurx6tzkxpqa",
            "instance_configuration_id": null,
            "instance_options": [
              {
                "are_legacy_imds_endpoints_disabled": false
              }
            ],
            "ipxe_script": null,
            "is_cross_numa_node": false,
            "is_pv_encryption_in_transit_enabled": null,
            "launch_mode": "PARAVIRTUALIZED",
            "launch_options": [
              {
                "boot_volume_type": "PARAVIRTUALIZED",
                "firmware": "UEFI_64",
                "is_consistent_volume_naming_enabled": true,
                "is_pv_encryption_in_transit_enabled": false,
                "network_type": "PARAVIRTUALIZED",
                "remote_data_volume_type": "PARAVIRTUALIZED"
              }
            ],
            "launch_volume_attachments": null,
            "metadata": {
              "ssh_authorized_keys": "ssh-rsa AAAAB3NzaC1yc2EAAAADAQABAAABgQDQ6bptAIZNzPMTirqCfQ++MuFEXq9cOXy4j3HJyYhfYg4fhKF14O03QbFBTYmvRJPL+yfLBdWZp/B9RJow9g9Z/o0BEOcN32+L79nSm0/KRtT32M51oSxiFkS+pHCm+sUQEtbnpq8Tj0Y9uFYc+mALruHFXw/NVCyWROLwKhrQi/HQnb1fgiQRviZBdM0aCusqTOxyny5PPO4OWLPv8H4u1VTS8Fj6yA0unjJzMT6sl4u4eXVtpFdlMnnFTgAMjBSulxVid+FFU7qIO/6wlIk5kT7yrfWxXM3mMD1PKXQZEhHOJBqocXioVXwxFG5F6zVWkFfpd9DpV2UdrzZWxwWh/QcliVVwEY+VsWNAlQJMd1lXcM8VdjtO5MpbXP5cNm174CpvC9SXApGDfbL7OEH/8zq7HpwDICeojsp3SGhRTqZF+cxy7JMIBOfDO0zo23ach6Gg45Hj7KvPN23wDgocXZrwAZs1dDueL1QxZC1IccPuEZ8f7FURr/m8deWh88k= sysd48@WCLINB110039",
              "user_data": "IyEvYmluL2Jhc2gNCg0KZWNobyAiKioqKioqKioqKioqKioqKioqKioqKioqKioqKlNDUklQVCBTVEFSVCoqKioqKioqKioqKioqKioqKioqKioqKioqKioqKioqKiINCg0KIyBTdGVwIDE6IENsb25lIHRoZSBwcm9qZWN0IHJlcG9zaXRvcnkgZnJvbSBHaXRIdWINCmdpdCBjbG9uZSBodHRwczovL2dpdGh1Yi5jb20vbWFkaHVyYS1hdmFsb3EvcHl0aG9uX3Byb2plY3QuZ2l0DQoNCiMgU3RlcCAyOiBOYXZpZ2F0ZSB0byB0aGUgZnJvbnRlbmQgZGlyZWN0b3J5DQpjZCBweXRob25fcHJvamVjdC9hcHBsaWNhdGlvbi9mcm9udGVuZC8NCg0KIyBTdGVwIDM6IEluc3RhbGwgY3VybCB0byBmZXRjaCBleHRlcm5hbCByZXNvdXJjZXMNCnN1ZG8geXVtIGluc3RhbGwgLXkgY3VybA0KDQojIFN0ZXAgNDogU2V0dXAgTm9kZS5qcyByZXBvc2l0b3J5IChMVFMgdmVyc2lvbikNCmN1cmwgLWZzU0wgaHR0cHM6Ly9ycG0ubm9kZXNvdXJjZS5jb20vc2V0dXBfbHRzLnggfCBzdWRvIGJhc2ggLQ0KDQojIFN0ZXAgNTogSW5zdGFsbCBOb2RlLmpzDQpzdWRvIHl1bSBpbnN0YWxsIC15IG5vZGVqcw0KDQojIFN0ZXAgNjogVmVyaWZ5IE5vZGUuanMgaW5zdGFsbGF0aW9uIGJ5IGNoZWNraW5nIGl0cyB2ZXJzaW9uDQpub2RlIC12DQoNCiMgU3RlcCA3OiBDbGVhbiB5dW0gY2FjaGUgdG8gc2F2ZSBkaXNrIHNwYWNlDQpzdWRvIHl1bSBjbGVhbiBhbGwNCg0KZWNobyAiKioqKioqKioqKioqKioqKioqKioqKioqKioqKioqKioqKioqKioqKioqKioqKioqKioqKioqKioqKiogRlJPTlRFTkQiDQoNCmNkIHB5dGhvbl9wcm9qZWN0L2FwcGxpY2F0aW9uL2JhY2tlbmQvDQoNCiMgU3RlcCA5OiBBY3RpdmF0ZSB0aGUgUHl0aG9uIHZpcnR1YWwgZW52aXJvbm1lbnQNCnNvdXJjZSAuL215ZW52L2Jpbi9hY3RpdmF0ZQ0KDQojIFN0ZXAgMTA6IEluc3RhbGwgUHl0aG9uIDMNCnN1ZG8geXVtIGluc3RhbGwgLXkgcHl0aG9uMw0KDQojIFN0ZXAgMTE6IEluc3RhbGwgUHl0aG9uIHBhY2thZ2UgbWFuYWdlciAocGlwKQ0Kc3VkbyB5dW0gaW5zdGFsbCAteSBweXRob24zLXBpcA0KDQojIFN0ZXAgMTI6IFZlcmlmeSBQeXRob24gMyBpbnN0YWxsYXRpb24NCnB5dGhvbjMgLS12ZXJzaW9uDQoNCiMgU3RlcCAxMzogVmVyaWZ5IHBpcDMgaW5zdGFsbGF0aW9uDQpwaXAzIC0tdmVyc2lvbg0KDQojIFN0ZXAgMTQ6IEluc3RhbGwgRmxhc2sgZnJhbWV3b3JrIHVzaW5nIHBpcDMNCnBpcDMgaW5zdGFsbCBmbGFzaw0KDQojIFN0ZXAgMTU6IEluc3RhbGwgRmxhc2stQ09SUyBleHRlbnNpb24gdXNpbmcgcGlwMw0KcGlwMyBpbnN0YWxsIGZsYXNrX2NvcnMNCg0KZGVhY3RpdmF0ZQ0KDQojIFN0ZXAgMTY6IENsZWFuIHl1bSBjYWNoZSB0byBzYXZlIGRpc2sgc3BhY2UNCnN1ZG8geXVtIGNsZWFuIGFsbA0KDQplY2hvICIqKioqKioqKioqKioqKioqKioqKioqKioqKioqKioqKioqKioqKioqKioqKioqKioqKioqKioqKioqKiBCQUNLRU5EIg0KDQojIyMjIyMjIyMjIyMjIyMjIyMjIyMjIyMjIyMjIyMjIyMjIyMjIyMjIyMjIyMjIyMjIyMjIyMjIyMjIyMjIyMjIyMjDQojIFN0ZXAgMTogSW5zdGFsbCBNeVNRTCBhbmQgTXlTUUwgU2VydmVyDQplY2hvICJJbnN0YWxsaW5nIE15U1FMIHNlcnZlci4uLiINCnN1ZG8geXVtIGluc3RhbGwgLXkgbXlzcWwgbXlzcWwtc2VydmVyDQoNCiMgU3RlcCAyOiBTdGFydCBNeVNRTCBzZXJ2aWNlDQplY2hvICJTdGFydGluZyBNeVNRTCBzZXJ2aWNlLi4uIg0Kc3VkbyBzeXN0ZW1jdGwgc3RhcnQgbXlzcWxkDQoNCiMgU3RlcCAzOiBFbmFibGUgTXlTUUwgc2VydmljZSB0byBzdGFydCBvbiBib290DQplY2hvICJFbmFibGluZyBNeVNRTCB0byBzdGFydCBvbiBib290Li4uIg0Kc3VkbyBzeXN0ZW1jdGwgZW5hYmxlIG15c3FsZA0KDQojIFN0ZXAgNDogUmV0cmlldmUgdGhlIHRlbXBvcmFyeSByb290IHBhc3N3b3JkIGdlbmVyYXRlZCBkdXJpbmcgTXlTUUwgaW5zdGFsbGF0aW9uDQp0ZW1wX3Bhc3N3b3JkPSQoc3VkbyBncmVwICd0ZW1wb3JhcnkgcGFzc3dvcmQnIC92YXIvbG9nL215c3FsZC5sb2cgfCB0YWlsIC0xIHwgYXdrICd7cHJpbnQgJE5GfScpDQplY2hvICJUZW1wb3Jhcnkgcm9vdCBwYXNzd29yZDogJHRlbXBfcGFzc3dvcmQiDQoNCiMgU3RlcCA1OiBTZWN1cmUgTXlTUUwgaW5zdGFsbGF0aW9uIGFuZCBzZXQgcm9vdCBwYXNzd29yZCB0byAnUm9vdEAxMjMnDQplY2hvICJTZWN1cmluZyBNeVNRTCBpbnN0YWxsYXRpb24uLi4iDQpzdWRvIG15c3FsIC0tdXNlcj1yb290IC0tcGFzc3dvcmQ9IiR0ZW1wX3Bhc3N3b3JkIiA8PEVPRg0KQUxURVIgVVNFUiAncm9vdCdAJ2xvY2FsaG9zdCcgSURFTlRJRklFRCBCWSAnUm9vdEAxMjMnOyAgIyBTZXQgbmV3IHJvb3QgcGFzc3dvcmQNCkZMVVNIIFBSSVZJTEVHRVM7ICAjIEFwcGx5IGNoYW5nZXMNCkVYSVQ7DQpFT0YNCg0KIyBTdGVwIDY6IFZlcmlmeSB0aGUgY2hhbmdlIGJ5IGxpc3RpbmcgZGF0YWJhc2VzIHdpdGggbmV3IHJvb3QgcGFzc3dvcmQNCmVjaG8gIlZlcmlmeWluZyB0aGUgbmV3IHJvb3QgcGFzc3dvcmQuLi4iDQpteXNxbCAtdSByb290IC1wJ1Jvb3RAMTIzJyAtZSAiU0hPVyBEQVRBQkFTRVM7Ig0KDQojIFN0ZXAgNzogTG9naW4gdG8gTXlTUUwgdXNpbmcgdGhlIG5ldyByb290IHBhc3N3b3JkDQplY2hvICIqKioqKioqKioqKioqKioqKioqKioqKioqKioqKioqKioqKioqKioqKioqKioqKioqKioqKioqKioqKiBMb2dnaW5nIGludG8gTXlTUUwuLi4iDQpteXNxbCAtdSByb290IC1wJ1Jvb3RAMTIzJw0KDQplY2hvICJNeVNRTCBpbnN0YWxsYXRpb24gY29tcGxldGVkIGFuZCByb290IHBhc3N3b3JkIHNldCB0byAnUm9vdEAxMjMnLiINCiMjIyMjIyMjIyMjIyMjIyMjIyMjIyMjIyMjIyMjIyMjIyMjIyMjIyMjIyMjIyMjIyMjIyMjIyMjIyMjIyMjIw0KDQplY2hvICIqKioqKioqKioqKioqKioqKioqKioqKioqKioqKioqKioqKioqKioqKioqKioqKioqKioqKioqKioqKiBJTiBEQVRBQkFTRSINCiMgU3RlcCAxOiBDcmVhdGUgdGhlIGRhdGFiYXNlIGZvciB0aGUgRmxhc2sgYXBwDQpDUkVBVEUgREFUQUJBU0UgZmxhc2tfYXBwOw0KDQojIFN0ZXAgMjogVXNlIHRoZSBjcmVhdGVkIGRhdGFiYXNlDQpVU0UgZmxhc2tfYXBwOw0KDQojIFN0ZXAgMzogQ3JlYXRlIHRoZSAndXNlcnMnIHRhYmxlIHdpdGggY29sdW1uczogaWQsIHVzZXJuYW1lLCBwYXNzd29yZCwgcm9sZQ0KQ1JFQVRFIFRBQkxFIHVzZXJzICgNCiAgICBpZCBJTlQgQVVUT19JTkNSRU1FTlQgUFJJTUFSWSBLRVksICAgLS0gQXV0by1pbmNyZW1lbnRpbmcgSUQgZm9yIGVhY2ggdXNlcg0KICAgIHVzZXJuYW1lIFZBUkNIQVIoNTApIE5PVCBOVUxMIFVOSVFVRSwgLS0gVW5pcXVlIHVzZXJuYW1lDQogICAgcGFzc3dvcmQgVkFSQ0hBUigyNTUpIE5PVCBOVUxMLCAgICAgICAtLSBQYXNzd29yZCAoaWRlYWxseSBoYXNoZWQgaW4gcHJvZHVjdGlvbikNCiAgICByb2xlIFZBUkNIQVIoNTApIE5PVCBOVUxMICAgICAgICAgICAgIC0tIFJvbGUgb2YgdGhlIHVzZXIgKGUuZy4sIGFkbWluLCB1c2VyKQ0KKTsNCg0KIyBTYW1wbGUgSW5zZXJ0IGludG8gJ3VzZXJzJyB0YWJsZSB3aXRoIHNhbXBsZSBkYXRhDQpJTlNFUlQgSU5UTyB1c2VycyAodXNlcm5hbWUsIHBhc3N3b3JkLCByb2xlKSANClZBTFVFUyANCignYWRtaW4nLCAncGFzczEnLCAnYWRtaW4nKSwgICAtLSBTYW1wbGUgYWRtaW4gdXNlciAocGFzc3dvcmQgc2hvdWxkIGJlIGhhc2hlZCkNCigndXNlcicsICdwYXNzMicsICd1c2VyJyk7ICAgICAtLSBTYW1wbGUgcmVndWxhciB1c2VyIChwYXNzd29yZCBzaG91bGQgYmUgaGFzaGVkKQ0KDQojIFN0ZXAgNDogQ3JlYXRlIHRoZSAncGxheWVycycgdGFibGUgd2l0aCBjb2x1bW5zOiBpZCwgbmFtZSwgYWdlLCB0ZWFtLCBwb3NpdGlvbg0KQ1JFQVRFIFRBQkxFIHBsYXllcnMgKA0KICAgIGlkIElOVCBBVVRPX0lOQ1JFTUVOVCBQUklNQVJZIEtFWSwgIC0tIEF1dG8taW5jcmVtZW50aW5nIElEIGZvciBlYWNoIHBsYXllcg0KICAgIG5hbWUgVkFSQ0hBUigxMDApIE5PVCBOVUxMLCAgICAgICAgIC0tIFBsYXllcidzIG5hbWUNCiAgICBhZ2UgSU5UIE5PVCBOVUxMLCAgICAgICAgICAgICAgICAgICAtLSBQbGF5ZXIncyBhZ2UNCiAgICB0ZWFtIFZBUkNIQVIoMTAwKSBOT1QgTlVMTCwgICAgICAgICAtLSBUZWFtIG9mIHRoZSBwbGF5ZXINCiAgICBwb3NpdGlvbiBWQVJDSEFSKDUwKSBOT1QgTlVMTCAgICAgICAtLSBQb3NpdGlvbiBvZiB0aGUgcGxheWVyIGluIHRoZSB0ZWFtDQopOw0KDQojIFNhbXBsZSBJbnNlcnQgaW50byAncGxheWVycycgdGFibGUgd2l0aCBzYW1wbGUgZGF0YQ0KSU5TRVJUIElOVE8gcGxheWVycyAobmFtZSwgYWdlLCB0ZWFtLCBwb3NpdGlvbikgDQpWQUxVRVMgDQooJ0pvaG4gRG9lJywgMjUsICdUZWFtIEEnLCAnRm9yd2FyZCcpLCAgICAtLSBTYW1wbGUgcGxheWVyIDENCignSmFuZSBTbWl0aCcsIDI3LCAnVGVhbSBCJywgJ0dvYWxrZWVwZXInKTsgLS0gU2FtcGxlIHBsYXllciAyDQoNCiMgRXhpdCBNeVNRTCBzZXNzaW9uDQpFWElUOw0KDQplY2hvICIqKioqKioqKioqKioqKioqKioqKioqKioqKioqKioqKioqKioqKioqKioqKioqKioqKioqKioqKioqKioqKioqKioqKioqKk1ZU1FMIERPTkUiDQoNCnBpcDMgaW5zdGFsbCBteXNxbC1jb25uZWN0b3ItcHl0aG9uDQoNCg0KIyMjIyMjIyMjIyMjIyMjIyMjIyMjIyMjIyMjIyMjIyMjIyMjIyMjIyMjIyMjIyMjIyMjIyMjIyMjIyMjIyMjIyMjIyMjIyMjIyMjIyMjIyMNCg0KDQpjZCBweXRob25fcHJvamVjdC9hcHBsaWNhdGlvbi9mcm9udGVuZC8gDQoNCm5wbSBzdGFydA0KDQpjZCBweXRob25fcHJvamVjdC9hcHBsaWNhdGlvbi9iYWNrZW5kLyANCg0Kc291cmNlIC4vbXllbnYvYmluL2FjdGl2YXRlDQoNCnB5dGhvbiBhcHAucHkNCg0KZWNobyAiKioqKioqKioqKioqKioqKioqKioqKioqKioqKioqKioqKioqKioqKioqKioqKioqKioqKioqKioqKioqKioqKioqKioqKioqKioqREVQTE9ZTUVOVCBET05FIg0K"
            },
            "platform_config": [],
            "preemptible_instance_config": [],
            "preserve_boot_volume": null,
            "preserve_data_volumes_created_at_launch": null,
            "private_ip": "10.0.1.238",
            "public_ip": "141.148.200.28",
            "region": "ap-mumbai-1",
            "security_attributes": {},
            "security_attributes_state": "STABLE",
            "shape": "VM.Standard.A1.Flex",
            "shape_config": [
              {
                "baseline_ocpu_utilization": "",
                "gpu_description": "",
                "gpus": 0,
                "local_disk_description": "",
                "local_disks": 0,
                "local_disks_total_size_in_gbs": 0,
                "max_vnic_attachments": 2,
                "memory_in_gbs": 16,
                "networking_bandwidth_in_gbps": 2,
                "nvmes": 0,
                "ocpus": 2,
                "processor_description": "3.0 GHz Ampere® Altra™",
                "vcpus": 2
              }
            ],
            "source_details": [
              {
                "boot_volume_size_in_gbs": "47",
                "boot_volume_vpus_per_gb": "10",
                "instance_source_image_filter_details": [],
                "is_preserve_boot_volume_enabled": false,
                "kms_key_id": "",
                "source_id": "ocid1.image.oc1.ap-mumbai-1.aaaaaaaawqgxow5zgojwpiftwhfahpmasv3d6trtgfh2gwzemurx6tzkxpqa",
                "source_type": "image"
              }
            ],
            "state": "RUNNING",
            "subnet_id": "ocid1.subnet.oc1.ap-mumbai-1.aaaaaaaay3xggtg5sc3lfzcu2thuldoteyzi3s6enw7ejrb34ookcoju5nqa",
            "system_tags": {},
            "time_created": "2025-01-03 09:37:34.566 +0000 UTC",
            "time_maintenance_reboot_due": "",
            "timeouts": null,
            "update_operation_constraint": null
          },
          "sensitive_attributes": [],
          "private": "eyJlMmJmYjczMC1lY2FhLTExZTYtOGY4OC0zNDM2M2JjN2M0YzAiOnsiY3JlYXRlIjoyNzAwMDAwMDAwMDAwLCJkZWxldGUiOjQ1MDAwMDAwMDAwMDAsInVwZGF0ZSI6MjcwMDAwMDAwMDAwMH19",
          "dependencies": [
            "oci_core_network_security_group.nsg",
            "oci_core_subnet.subnet",
            "oci_core_virtual_network.vcn"
          ]
        }
      ]
    },
    {
      "mode": "managed",
      "type": "oci_core_internet_gateway",
      "name": "internet_gateway",
      "provider": "provider[\"registry.terraform.io/hashicorp/oci\"]",
      "instances": [
        {
          "schema_version": 0,
          "attributes": {
            "compartment_id": "ocid1.compartment.oc1..aaaaaaaacemk47pwdwb73vqom4zozwbvjembyypo7evi35hhfu2slbhtgwhq",
            "defined_tags": {
              "Oracle-Tags.CreatedBy": "default/walunjkarrohan@gmail.com",
              "Oracle-Tags.CreatedOn": "2025-01-03T09:06:24.590Z"
            },
            "display_name": "app-internet-gateway",
            "enabled": true,
            "freeform_tags": {},
            "id": "ocid1.internetgateway.oc1.ap-mumbai-1.aaaaaaaaie5nc2sa3m6ec5cd75aehsfxw5gw4sdnc5nzfjy7nd4fwa7vw3kq",
            "route_table_id": null,
            "state": "AVAILABLE",
            "time_created": "2025-01-03 09:06:24.651 +0000 UTC",
            "timeouts": null,
            "vcn_id": "ocid1.vcn.oc1.ap-mumbai-1.amaaaaaa3qiokdaanglz33ie7jg4qqjzbyygueoirwzzhngzmjvklcyvjn4q"
          },
          "sensitive_attributes": [],
          "private": "eyJlMmJmYjczMC1lY2FhLTExZTYtOGY4OC0zNDM2M2JjN2M0YzAiOnsiY3JlYXRlIjoxMjAwMDAwMDAwMDAwLCJkZWxldGUiOjEyMDAwMDAwMDAwMDAsInVwZGF0ZSI6MTIwMDAwMDAwMDAwMH19",
          "dependencies": [
            "oci_core_virtual_network.vcn"
          ]
        }
      ]
    },
    {
      "mode": "managed",
      "type": "oci_core_network_security_group",
      "name": "nsg",
      "provider": "provider[\"registry.terraform.io/hashicorp/oci\"]",
      "instances": [
        {
          "schema_version": 0,
          "attributes": {
            "compartment_id": "ocid1.compartment.oc1..aaaaaaaacemk47pwdwb73vqom4zozwbvjembyypo7evi35hhfu2slbhtgwhq",
            "defined_tags": {
              "Oracle-Tags.CreatedBy": "default/walunjkarrohan@gmail.com",
              "Oracle-Tags.CreatedOn": "2025-01-03T09:06:24.565Z"
            },
            "display_name": "app-nsg",
            "freeform_tags": {},
            "id": "ocid1.networksecuritygroup.oc1.ap-mumbai-1.aaaaaaaauoxvmywwr5g2ilqwdfc6iqiivjp6s22vrwp2iqvpm23w2u5sz53a",
            "state": "AVAILABLE",
            "time_created": "2025-01-03 09:06:24.72 +0000 UTC",
            "timeouts": null,
            "vcn_id": "ocid1.vcn.oc1.ap-mumbai-1.amaaaaaa3qiokdaanglz33ie7jg4qqjzbyygueoirwzzhngzmjvklcyvjn4q"
          },
          "sensitive_attributes": [],
          "private": "eyJlMmJmYjczMC1lY2FhLTExZTYtOGY4OC0zNDM2M2JjN2M0YzAiOnsiY3JlYXRlIjoxMjAwMDAwMDAwMDAwLCJkZWxldGUiOjEyMDAwMDAwMDAwMDAsInVwZGF0ZSI6MTIwMDAwMDAwMDAwMH19",
          "dependencies": [
            "oci_core_virtual_network.vcn"
          ]
        }
      ]
    },
    {
      "mode": "managed",
      "type": "oci_core_network_security_group_security_rule",
      "name": "egress_rule",
      "provider": "provider[\"registry.terraform.io/hashicorp/oci\"]",
      "instances": [
        {
          "schema_version": 0,
          "attributes": {
            "description": "Allow all outbound traffic",
            "destination": "0.0.0.0/0",
            "destination_type": "CIDR_BLOCK",
            "direction": "EGRESS",
            "icmp_options": [],
            "id": "FFA5D8",
            "is_valid": true,
            "network_security_group_id": "ocid1.networksecuritygroup.oc1.ap-mumbai-1.aaaaaaaauoxvmywwr5g2ilqwdfc6iqiivjp6s22vrwp2iqvpm23w2u5sz53a",
            "protocol": "all",
            "source": null,
            "source_type": "",
            "stateless": false,
            "tcp_options": [],
            "time_created": "2025-01-03 09:06:25.295 +0000 UTC",
            "timeouts": null,
            "udp_options": []
          },
          "sensitive_attributes": [],
          "private": "eyJlMmJmYjczMC1lY2FhLTExZTYtOGY4OC0zNDM2M2JjN2M0YzAiOnsiY3JlYXRlIjoxMjAwMDAwMDAwMDAwLCJkZWxldGUiOjEyMDAwMDAwMDAwMDAsInVwZGF0ZSI6MTIwMDAwMDAwMDAwMH19",
          "dependencies": [
            "oci_core_network_security_group.nsg",
            "oci_core_virtual_network.vcn"
          ]
        }
      ]
    },
    {
      "mode": "managed",
      "type": "oci_core_network_security_group_security_rule",
      "name": "http_rule",
      "provider": "provider[\"registry.terraform.io/hashicorp/oci\"]",
      "instances": [
        {
          "schema_version": 0,
          "attributes": {
            "description": null,
            "destination": null,
            "destination_type": "",
            "direction": "INGRESS",
            "icmp_options": [],
            "id": "9E57CD",
            "is_valid": true,
            "network_security_group_id": "ocid1.networksecuritygroup.oc1.ap-mumbai-1.aaaaaaaauoxvmywwr5g2ilqwdfc6iqiivjp6s22vrwp2iqvpm23w2u5sz53a",
            "protocol": "6",
            "source": "0.0.0.0/0",
            "source_type": "CIDR_BLOCK",
            "stateless": false,
            "tcp_options": [
              {
                "destination_port_range": [],
                "source_port_range": [
                  {
                    "max": 80,
                    "min": 80
                  }
                ]
              }
            ],
            "time_created": "2025-01-03 09:06:25.588 +0000 UTC",
            "timeouts": null,
            "udp_options": []
          },
          "sensitive_attributes": [],
          "private": "eyJlMmJmYjczMC1lY2FhLTExZTYtOGY4OC0zNDM2M2JjN2M0YzAiOnsiY3JlYXRlIjoxMjAwMDAwMDAwMDAwLCJkZWxldGUiOjEyMDAwMDAwMDAwMDAsInVwZGF0ZSI6MTIwMDAwMDAwMDAwMH19",
          "dependencies": [
            "oci_core_network_security_group.nsg",
            "oci_core_virtual_network.vcn"
          ]
        }
      ]
    },
    {
      "mode": "managed",
      "type": "oci_core_network_security_group_security_rule",
      "name": "python_rule",
      "provider": "provider[\"registry.terraform.io/hashicorp/oci\"]",
      "instances": [
        {
          "schema_version": 0,
          "attributes": {
            "description": "Allow Python run on 5000 port",
            "destination": null,
            "destination_type": "",
            "direction": "INGRESS",
            "icmp_options": [],
            "id": "4B9995",
            "is_valid": true,
            "network_security_group_id": "ocid1.networksecuritygroup.oc1.ap-mumbai-1.aaaaaaaauoxvmywwr5g2ilqwdfc6iqiivjp6s22vrwp2iqvpm23w2u5sz53a",
            "protocol": "6",
            "source": "0.0.0.0/0",
            "source_type": "CIDR_BLOCK",
            "stateless": false,
            "tcp_options": [
              {
                "destination_port_range": [],
                "source_port_range": [
                  {
                    "max": 5000,
                    "min": 5000
                  }
                ]
              }
            ],
            "time_created": "2025-01-03 09:06:25.181 +0000 UTC",
            "timeouts": null,
            "udp_options": []
          },
          "sensitive_attributes": [],
          "private": "eyJlMmJmYjczMC1lY2FhLTExZTYtOGY4OC0zNDM2M2JjN2M0YzAiOnsiY3JlYXRlIjoxMjAwMDAwMDAwMDAwLCJkZWxldGUiOjEyMDAwMDAwMDAwMDAsInVwZGF0ZSI6MTIwMDAwMDAwMDAwMH19",
          "dependencies": [
            "oci_core_network_security_group.nsg",
            "oci_core_virtual_network.vcn"
          ]
        }
      ]
    },
    {
      "mode": "managed",
      "type": "oci_core_network_security_group_security_rule",
      "name": "react_rule",
      "provider": "provider[\"registry.terraform.io/hashicorp/oci\"]",
      "instances": [
        {
          "schema_version": 0,
          "attributes": {
            "description": "Allow React run on 3000 port",
            "destination": null,
            "destination_type": "",
            "direction": "INGRESS",
            "icmp_options": [],
            "id": "879685",
            "is_valid": true,
            "network_security_group_id": "ocid1.networksecuritygroup.oc1.ap-mumbai-1.aaaaaaaauoxvmywwr5g2ilqwdfc6iqiivjp6s22vrwp2iqvpm23w2u5sz53a",
            "protocol": "6",
            "source": "0.0.0.0/0",
            "source_type": "CIDR_BLOCK",
            "stateless": false,
            "tcp_options": [
              {
                "destination_port_range": [],
                "source_port_range": [
                  {
                    "max": 3000,
                    "min": 3000
                  }
                ]
              }
            ],
            "time_created": "2025-01-03 09:06:25.505 +0000 UTC",
            "timeouts": null,
            "udp_options": []
          },
          "sensitive_attributes": [],
          "private": "eyJlMmJmYjczMC1lY2FhLTExZTYtOGY4OC0zNDM2M2JjN2M0YzAiOnsiY3JlYXRlIjoxMjAwMDAwMDAwMDAwLCJkZWxldGUiOjEyMDAwMDAwMDAwMDAsInVwZGF0ZSI6MTIwMDAwMDAwMDAwMH19",
          "dependencies": [
            "oci_core_network_security_group.nsg",
            "oci_core_virtual_network.vcn"
          ]
        }
      ]
    },
    {
      "mode": "managed",
      "type": "oci_core_network_security_group_security_rule",
      "name": "ssh_rule",
      "provider": "provider[\"registry.terraform.io/hashicorp/oci\"]",
      "instances": [
        {
          "schema_version": 0,
          "attributes": {
            "description": "Allow HTTP traffic",
            "destination": null,
            "destination_type": "",
            "direction": "INGRESS",
            "icmp_options": [],
            "id": "968E0F",
            "is_valid": true,
            "network_security_group_id": "ocid1.networksecuritygroup.oc1.ap-mumbai-1.aaaaaaaauoxvmywwr5g2ilqwdfc6iqiivjp6s22vrwp2iqvpm23w2u5sz53a",
            "protocol": "6",
            "source": "0.0.0.0/0",
            "source_type": "CIDR_BLOCK",
            "stateless": false,
            "tcp_options": [
              {
                "destination_port_range": [],
                "source_port_range": [
                  {
                    "max": 22,
                    "min": 22
                  }
                ]
              }
            ],
            "time_created": "2025-01-03 09:06:25.414 +0000 UTC",
            "timeouts": null,
            "udp_options": []
          },
          "sensitive_attributes": [],
          "private": "eyJlMmJmYjczMC1lY2FhLTExZTYtOGY4OC0zNDM2M2JjN2M0YzAiOnsiY3JlYXRlIjoxMjAwMDAwMDAwMDAwLCJkZWxldGUiOjEyMDAwMDAwMDAwMDAsInVwZGF0ZSI6MTIwMDAwMDAwMDAwMH19",
          "dependencies": [
            "oci_core_network_security_group.nsg",
            "oci_core_virtual_network.vcn"
          ]
        }
      ]
    },
    {
      "mode": "managed",
      "type": "oci_core_route_table",
      "name": "route_table",
      "provider": "provider[\"registry.terraform.io/hashicorp/oci\"]",
      "instances": [
        {
          "schema_version": 0,
          "attributes": {
            "compartment_id": "ocid1.compartment.oc1..aaaaaaaacemk47pwdwb73vqom4zozwbvjembyypo7evi35hhfu2slbhtgwhq",
            "defined_tags": {
              "Oracle-Tags.CreatedBy": "default/walunjkarrohan@gmail.com",
              "Oracle-Tags.CreatedOn": "2025-01-03T09:06:25.207Z"
            },
            "display_name": "app-route-table",
            "freeform_tags": {},
            "id": "ocid1.routetable.oc1.ap-mumbai-1.aaaaaaaa5u2hewqzgpqd4njtyjsikpmync3rhnse2lvn4xa5hmmv5o5puyca",
            "route_rules": [
              {
                "cidr_block": "0.0.0.0/0",
                "description": "",
                "destination": "0.0.0.0/0",
                "destination_type": "CIDR_BLOCK",
                "network_entity_id": "ocid1.internetgateway.oc1.ap-mumbai-1.aaaaaaaaie5nc2sa3m6ec5cd75aehsfxw5gw4sdnc5nzfjy7nd4fwa7vw3kq",
                "route_type": ""
              }
            ],
            "state": "AVAILABLE",
            "time_created": "2025-01-03 09:06:25.229 +0000 UTC",
            "timeouts": null,
            "vcn_id": "ocid1.vcn.oc1.ap-mumbai-1.amaaaaaa3qiokdaanglz33ie7jg4qqjzbyygueoirwzzhngzmjvklcyvjn4q"
          },
          "sensitive_attributes": [],
          "private": "eyJlMmJmYjczMC1lY2FhLTExZTYtOGY4OC0zNDM2M2JjN2M0YzAiOnsiY3JlYXRlIjoxMjAwMDAwMDAwMDAwLCJkZWxldGUiOjEyMDAwMDAwMDAwMDAsInVwZGF0ZSI6MTIwMDAwMDAwMDAwMH19",
          "dependencies": [
            "oci_core_internet_gateway.internet_gateway",
            "oci_core_virtual_network.vcn"
          ]
        }
      ]
    },
    {
      "mode": "managed",
      "type": "oci_core_route_table_attachment",
      "name": "route_table_attachment",
      "provider": "provider[\"registry.terraform.io/hashicorp/oci\"]",
      "instances": [
        {
          "schema_version": 0,
          "attributes": {
            "id": "ocid1.subnet.oc1.ap-mumbai-1.aaaaaaaay3xggtg5sc3lfzcu2thuldoteyzi3s6enw7ejrb34ookcoju5nqa/ocid1.routetable.oc1.ap-mumbai-1.aaaaaaaa5u2hewqzgpqd4njtyjsikpmync3rhnse2lvn4xa5hmmv5o5puyca",
            "route_table_id": "ocid1.routetable.oc1.ap-mumbai-1.aaaaaaaa5u2hewqzgpqd4njtyjsikpmync3rhnse2lvn4xa5hmmv5o5puyca",
            "subnet_id": "ocid1.subnet.oc1.ap-mumbai-1.aaaaaaaay3xggtg5sc3lfzcu2thuldoteyzi3s6enw7ejrb34ookcoju5nqa",
            "timeouts": null
          },
          "sensitive_attributes": [],
          "private": "eyJlMmJmYjczMC1lY2FhLTExZTYtOGY4OC0zNDM2M2JjN2M0YzAiOnsiY3JlYXRlIjoxMjAwMDAwMDAwMDAwLCJkZWxldGUiOjEyMDAwMDAwMDAwMDAsInVwZGF0ZSI6MTIwMDAwMDAwMDAwMH19",
          "dependencies": [
            "oci_core_internet_gateway.internet_gateway",
            "oci_core_route_table.route_table",
            "oci_core_subnet.subnet",
            "oci_core_virtual_network.vcn"
          ]
        }
      ]
    },
    {
      "mode": "managed",
      "type": "oci_core_subnet",
      "name": "subnet",
      "provider": "provider[\"registry.terraform.io/hashicorp/oci\"]",
      "instances": [
        {
          "schema_version": 0,
          "attributes": {
            "availability_domain": null,
            "cidr_block": "10.0.1.0/24",
            "compartment_id": "ocid1.compartment.oc1..aaaaaaaacemk47pwdwb73vqom4zozwbvjembyypo7evi35hhfu2slbhtgwhq",
            "defined_tags": {
              "Oracle-Tags.CreatedBy": "default/walunjkarrohan@gmail.com",
              "Oracle-Tags.CreatedOn": "2025-01-03T09:06:24.548Z"
            },
            "dhcp_options_id": "ocid1.dhcpoptions.oc1.ap-mumbai-1.aaaaaaaa7xobhct5c2xu7mnvqth7p6itmhjar4enxegnxlk2tod7srjecnqq",
            "display_name": "app-subnet",
            "dns_label": "mysubnet",
            "freeform_tags": {},
            "id": "ocid1.subnet.oc1.ap-mumbai-1.aaaaaaaay3xggtg5sc3lfzcu2thuldoteyzi3s6enw7ejrb34ookcoju5nqa",
            "ipv6cidr_block": null,
            "ipv6cidr_blocks": [],
            "ipv6virtual_router_ip": null,
            "prohibit_internet_ingress": false,
            "prohibit_public_ip_on_vnic": false,
            "route_table_id": "ocid1.routetable.oc1.ap-mumbai-1.aaaaaaaa5u2hewqzgpqd4njtyjsikpmync3rhnse2lvn4xa5hmmv5o5puyca",
            "security_list_ids": [
              "ocid1.securitylist.oc1.ap-mumbai-1.aaaaaaaa3w6r634titdomlsagmcweapfo27tnevr6r7sqeliwn2koouzr35a"
            ],
            "state": "AVAILABLE",
            "subnet_domain_name": "mysubnet.myvcn.oraclevcn.com",
            "time_created": "2025-01-03 09:06:24.608 +0000 UTC",
            "timeouts": null,
            "vcn_id": "ocid1.vcn.oc1.ap-mumbai-1.amaaaaaa3qiokdaanglz33ie7jg4qqjzbyygueoirwzzhngzmjvklcyvjn4q",
            "virtual_router_ip": "10.0.1.1",
            "virtual_router_mac": "00:00:17:30:0D:F0"
          },
          "sensitive_attributes": [],
          "private": "eyJlMmJmYjczMC1lY2FhLTExZTYtOGY4OC0zNDM2M2JjN2M0YzAiOnsiY3JlYXRlIjoxMjAwMDAwMDAwMDAwLCJkZWxldGUiOjEyMDAwMDAwMDAwMDAsInVwZGF0ZSI6MTIwMDAwMDAwMDAwMH19",
          "dependencies": [
            "oci_core_virtual_network.vcn"
          ]
        }
      ]
    },
    {
      "mode": "managed",
      "type": "oci_core_virtual_network",
      "name": "vcn",
      "provider": "provider[\"registry.terraform.io/hashicorp/oci\"]",
      "instances": [
        {
          "schema_version": 0,
          "attributes": {
            "byoipv6cidr_blocks": [],
            "byoipv6cidr_details": [],
            "cidr_block": "10.0.0.0/16",
            "cidr_blocks": [
              "10.0.0.0/16"
            ],
            "compartment_id": "ocid1.compartment.oc1..aaaaaaaacemk47pwdwb73vqom4zozwbvjembyypo7evi35hhfu2slbhtgwhq",
            "default_dhcp_options_id": "ocid1.dhcpoptions.oc1.ap-mumbai-1.aaaaaaaa7xobhct5c2xu7mnvqth7p6itmhjar4enxegnxlk2tod7srjecnqq",
            "default_route_table_id": "ocid1.routetable.oc1.ap-mumbai-1.aaaaaaaasr2tbvmyqs6c2eghj7gqkho5kg6bo3lucq7csnganpwecywt6zoq",
            "default_security_list_id": "ocid1.securitylist.oc1.ap-mumbai-1.aaaaaaaa3w6r634titdomlsagmcweapfo27tnevr6r7sqeliwn2koouzr35a",
            "defined_tags": {
              "Oracle-Tags.CreatedBy": "default/walunjkarrohan@gmail.com",
              "Oracle-Tags.CreatedOn": "2025-01-03T09:06:23.861Z"
            },
            "display_name": "app-vcn",
            "dns_label": "myvcn",
            "freeform_tags": {},
            "id": "ocid1.vcn.oc1.ap-mumbai-1.amaaaaaa3qiokdaanglz33ie7jg4qqjzbyygueoirwzzhngzmjvklcyvjn4q",
            "ipv6cidr_blocks": [],
            "ipv6private_cidr_blocks": [],
            "is_ipv6enabled": false,
            "is_oracle_gua_allocation_enabled": null,
            "security_attributes": {},
            "state": "AVAILABLE",
            "time_created": "2025-01-03 09:06:23.932 +0000 UTC",
            "timeouts": null,
            "vcn_domain_name": "myvcn.oraclevcn.com"
          },
          "sensitive_attributes": [],
          "private": "eyJlMmJmYjczMC1lY2FhLTExZTYtOGY4OC0zNDM2M2JjN2M0YzAiOnsiY3JlYXRlIjoxMjAwMDAwMDAwMDAwLCJkZWxldGUiOjEyMDAwMDAwMDAwMDAsInVwZGF0ZSI6MTIwMDAwMDAwMDAwMH19"
        }
      ]
    }
  ],
  "check_results": null
}
