{
  "version": 4,
  "terraform_version": "1.10.3",
  "serial": 229,
  "lineage": "a8fee448-5208-3ac5-2120-ec7123780394",
  "outputs": {},
  "resources": [
    {
      "mode": "managed",
      "type": "oci_core_instance",
      "name": "test_instance",
      "provider": "provider[\"registry.terraform.io/hashicorp/oci\"]",
      "instances": [
        {
          "status": "tainted",
          "schema_version": 0,
          "attributes": {
            "agent_config": [
              {
                "are_all_plugins_disabled": false,
                "is_management_disabled": false,
                "is_monitoring_disabled": false,
                "plugins_config": []
              }
            ],
            "async": null,
            "availability_config": [
              {
                "is_live_migration_preferred": false,
                "recovery_action": "RESTORE_INSTANCE"
              }
            ],
            "availability_domain": "ORSi:AP-MUMBAI-1-AD-1",
            "boot_volume_id": "ocid1.bootvolume.oc1.ap-mumbai-1.abrg6ljrszqqavxqozpl7jracqjqzvrkokzdilux5nuqsv5scgr5clgkgqkq",
            "capacity_reservation_id": null,
            "cluster_placement_group_id": null,
            "compartment_id": "ocid1.compartment.oc1..aaaaaaaacemk47pwdwb73vqom4zozwbvjembyypo7evi35hhfu2slbhtgwhq",
            "compute_cluster_id": null,
            "create_vnic_details": [
              {
                "assign_ipv6ip": false,
                "assign_private_dns_record": false,
                "assign_public_ip": "true",
                "defined_tags": {
                  "Oracle-Tags.CreatedBy": "default/madhukhandare2001@gmail.com",
                  "Oracle-Tags.CreatedOn": "2025-01-06T11:28:56.598Z"
                },
                "display_name": "app_instance",
                "freeform_tags": {},
                "hostname_label": "app-instance",
                "ipv6address_ipv6subnet_cidr_pair_details": [],
                "nsg_ids": [
                  "ocid1.networksecuritygroup.oc1.ap-mumbai-1.aaaaaaaajos2bspeaz227os357vujwaii7b5kmbk544hhic4g3wregnsgega"
                ],
                "private_ip": "10.0.1.228",
                "security_attributes": {},
                "skip_source_dest_check": false,
                "subnet_id": "ocid1.subnet.oc1.ap-mumbai-1.aaaaaaaaptfkpb3jomzjczzeufj37kfklocqwvomjfategbqqr7rzsvdupda",
                "vlan_id": ""
              }
            ],
            "dedicated_vm_host_id": null,
            "defined_tags": {
              "Oracle-Tags.CreatedBy": "default/madhukhandare2001@gmail.com",
              "Oracle-Tags.CreatedOn": "2025-01-06T11:28:56.467Z"
            },
            "display_name": "app_instance",
            "extended_metadata": {},
            "fault_domain": "FAULT-DOMAIN-1",
            "freeform_tags": {},
            "hostname_label": "app-instance",
            "id": "ocid1.instance.oc1.ap-mumbai-1.anrg6ljr3qiokdacbqsq6kx3zyl62kq2qrpou3xptai5m4oaln2mcumztfta",
            "image": "ocid1.image.oc1.ap-mumbai-1.aaaaaaaawqgxow5zgojwpiftwhfahpmasv3d6trtgfh2gwzemurx6tzkxpqa",
            "instance_configuration_id": null,
            "instance_options": [
              {
                "are_legacy_imds_endpoints_disabled": false
              }
            ],
            "ipxe_script": null,
            "is_cross_numa_node": false,
            "is_pv_encryption_in_transit_enabled": null,
            "launch_mode": "PARAVIRTUALIZED",
            "launch_options": [
              {
                "boot_volume_type": "PARAVIRTUALIZED",
                "firmware": "UEFI_64",
                "is_consistent_volume_naming_enabled": true,
                "is_pv_encryption_in_transit_enabled": false,
                "network_type": "PARAVIRTUALIZED",
                "remote_data_volume_type": "PARAVIRTUALIZED"
              }
            ],
            "launch_volume_attachments": [],
            "metadata": {
              "ssh_authorized_keys": "ssh-rsa AAAAB3NzaC1yc2EAAAADAQABAAABgQDQ6bptAIZNzPMTirqCfQ++MuFEXq9cOXy4j3HJyYhfYg4fhKF14O03QbFBTYmvRJPL+yfLBdWZp/B9RJow9g9Z/o0BEOcN32+L79nSm0/KRtT32M51oSxiFkS+pHCm+sUQEtbnpq8Tj0Y9uFYc+mALruHFXw/NVCyWROLwKhrQi/HQnb1fgiQRviZBdM0aCusqTOxyny5PPO4OWLPv8H4u1VTS8Fj6yA0unjJzMT6sl4u4eXVtpFdlMnnFTgAMjBSulxVid+FFU7qIO/6wlIk5kT7yrfWxXM3mMD1PKXQZEhHOJBqocXioVXwxFG5F6zVWkFfpd9DpV2UdrzZWxwWh/QcliVVwEY+VsWNAlQJMd1lXcM8VdjtO5MpbXP5cNm174CpvC9SXApGDfbL7OEH/8zq7HpwDICeojsp3SGhRTqZF+cxy7JMIBOfDO0zo23ach6Gg45Hj7KvPN23wDgocXZrwAZs1dDueL1QxZC1IccPuEZ8f7FURr/m8deWh88k= sysd48@WCLINB110039",
              "user_data": "IyEvYmluL2Jhc2gNCg0KZWNobyAiKioqKioqKioqKioqKioqKioqKioqKioqKioqKlNDUklQVCBTVEFSVCoqKioqKioqKioqKioqKioqKioqKioqKioqKioqKioqKiINCg0Kc3VkbyB5dW0gaW5zdGFsbCBnaXQgLXkNCg0KY2QgL2hvbWUvb3BjDQoNCiMgU3RlcCAxOiBDbG9uZSB0aGUgcHJvamVjdCByZXBvc2l0b3J5IGZyb20gR2l0SHViDQpnaXQgY2xvbmUgaHR0cHM6Ly9naXRodWIuY29tL21hZGh1cmEtYXZhbG9xL3B5dGhvbl9wcm9qZWN0LmdpdA0KDQojIFN0ZXAgMjogTmF2aWdhdGUgdG8gdGhlIGZyb250ZW5kIGRpcmVjdG9yeQ0KY2QgcHl0aG9uX3Byb2plY3QvYXBwbGljYXRpb24vZnJvbnRlbmQvDQoNCiMgU3RlcCAzOiBJbnN0YWxsIGN1cmwgdG8gZmV0Y2ggZXh0ZXJuYWwgcmVzb3VyY2VzDQpzdWRvIHl1bSBpbnN0YWxsIC15IGN1cmwNCg0KIyBTdGVwIDQ6IFNldHVwIE5vZGUuanMgcmVwb3NpdG9yeSAoTFRTIHZlcnNpb24pDQpjdXJsIC1mc1NMIGh0dHBzOi8vcnBtLm5vZGVzb3VyY2UuY29tL3NldHVwX2x0cy54IHwgc3VkbyBiYXNoIC0NCg0KIyBTdGVwIDU6IEluc3RhbGwgTm9kZS5qcw0Kc3VkbyB5dW0gaW5zdGFsbCAteSBub2RlanMNCg0KIyBTdGVwIDY6IFZlcmlmeSBOb2RlLmpzIGluc3RhbGxhdGlvbiBieSBjaGVja2luZyBpdHMgdmVyc2lvbg0Kbm9kZSAtdg0KDQojIFN0ZXAgNzogQ2xlYW4geXVtIGNhY2hlIHRvIHNhdmUgZGlzayBzcGFjZQ0Kc3VkbyB5dW0gY2xlYW4gYWxsDQoNCmVjaG8gIioqKioqKioqKioqKioqKioqKioqKioqKioqKioqKioqKioqKioqKioqKioqKioqKioqKioqKioqKioqIEZST05URU5EIg0KDQpjZCBweXRob25fcHJvamVjdC9hcHBsaWNhdGlvbi9iYWNrZW5kLw0KDQojIFN0ZXAgOTogQWN0aXZhdGUgdGhlIFB5dGhvbiB2aXJ0dWFsIGVudmlyb25tZW50DQpzb3VyY2UgLi9teWVudi9iaW4vYWN0aXZhdGUNCg0KIyBTdGVwIDEwOiBJbnN0YWxsIFB5dGhvbiAzDQpzdWRvIHl1bSBpbnN0YWxsIC15IHB5dGhvbjMNCg0KIyBTdGVwIDExOiBJbnN0YWxsIFB5dGhvbiBwYWNrYWdlIG1hbmFnZXIgKHBpcCkNCnN1ZG8geXVtIGluc3RhbGwgLXkgcHl0aG9uMy1waXANCg0KIyBTdGVwIDEyOiBWZXJpZnkgUHl0aG9uIDMgaW5zdGFsbGF0aW9uDQpweXRob24zIC0tdmVyc2lvbg0KDQojIFN0ZXAgMTM6IFZlcmlmeSBwaXAzIGluc3RhbGxhdGlvbg0KcGlwMyAtLXZlcnNpb24NCg0KIyBTdGVwIDE0OiBJbnN0YWxsIEZsYXNrIGZyYW1ld29yayB1c2luZyBwaXAzDQpwaXAzIGluc3RhbGwgZmxhc2sNCg0KIyBTdGVwIDE1OiBJbnN0YWxsIEZsYXNrLUNPUlMgZXh0ZW5zaW9uIHVzaW5nIHBpcDMNCnBpcDMgaW5zdGFsbCBmbGFza19jb3JzDQoNCnBpcDMgaW5zdGFsbCBteXNxbC5jb25uZWN0b3INCg0KZGVhY3RpdmF0ZQ0KDQojIFN0ZXAgMTY6IENsZWFuIHl1bSBjYWNoZSB0byBzYXZlIGRpc2sgc3BhY2UNCnN1ZG8geXVtIGNsZWFuIGFsbA0KDQplY2hvICIqKioqKioqKioqKioqKioqKioqKioqKioqKioqKioqKioqKioqKioqKioqKioqKioqKioqKioqKioqKiBCQUNLRU5EIg0KDQojIyMjIyMjIyMjIyMjIyMjIyMjIyMjIyMjIyMjIyMjIyMjIyMjIyMjIyMjIyMjIyMjIyMjIyMjIyMjIyMjIyMjIyMjDQojIFN0ZXAgMTogSW5zdGFsbCBNeVNRTCBhbmQgTXlTUUwgU2VydmVyDQplY2hvICJJbnN0YWxsaW5nIE15U1FMIHNlcnZlci4uLiINCnN1ZG8geXVtIGluc3RhbGwgLXkgbXlzcWwgbXlzcWwtc2VydmVyDQoNCiMgU3RlcCAyOiBTdGFydCBNeVNRTCBzZXJ2aWNlDQplY2hvICJTdGFydGluZyBNeVNRTCBzZXJ2aWNlLi4uIg0Kc3VkbyBzeXN0ZW1jdGwgc3RhcnQgbXlzcWxkDQoNCiMgU3RlcCAzOiBFbmFibGUgTXlTUUwgc2VydmljZSB0byBzdGFydCBvbiBib290DQplY2hvICJFbmFibGluZyBNeVNRTCB0byBzdGFydCBvbiBib290Li4uIg0Kc3VkbyBzeXN0ZW1jdGwgZW5hYmxlIG15c3FsZA0KDQojIFN0ZXAgNDogUmV0cmlldmUgdGhlIHRlbXBvcmFyeSByb290IHBhc3N3b3JkIGdlbmVyYXRlZCBkdXJpbmcgTXlTUUwgaW5zdGFsbGF0aW9uDQp0ZW1wX3Bhc3N3b3JkPSQoc3VkbyBncmVwICd0ZW1wb3JhcnkgcGFzc3dvcmQnIC92YXIvbG9nL215c3FsZC5sb2cgfCB0YWlsIC0xIHwgYXdrICd7cHJpbnQgJE5GfScpDQplY2hvICJUZW1wb3Jhcnkgcm9vdCBwYXNzd29yZDogJHRlbXBfcGFzc3dvcmQiDQoNCiMgU3RlcCA1OiBTZWN1cmUgTXlTUUwgaW5zdGFsbGF0aW9uIGFuZCBzZXQgcm9vdCBwYXNzd29yZCB0byAnUm9vdEAxMjMnDQplY2hvICJTZWN1cmluZyBNeVNRTCBpbnN0YWxsYXRpb24uLi4iDQpzdWRvIG15c3FsIC0tdXNlcj1yb290IC0tcGFzc3dvcmQ9IiR0ZW1wX3Bhc3N3b3JkIiA8PEVPRg0KQUxURVIgVVNFUiAncm9vdCdAJ2xvY2FsaG9zdCcgSURFTlRJRklFRCBCWSAnUm9vdEAxMjMnOyANCkZMVVNIIFBSSVZJTEVHRVM7IA0KRU9GDQoNCg0KDQplY2hvICIqKioqKioqKioqKioqKioqKioqKioqKioqKioqKioqKioqKioqKioqKioqKioqKioqKioqKioqKioqKioqKioqKioqKioqKk1ZU1FMIERPTkUiDQoNCg0KIyBTdGVwIDY6IENyZWF0ZSBhbmQgcG9wdWxhdGUgdGhlIGRhdGFiYXNlDQplY2hvICJDcmVhdGluZyBhbmQgcG9wdWxhdGluZyB0aGUgZGF0YWJhc2UuLi4iDQpzdWRvIG15c3FsIC0tdXNlcj1yb290IC0tcGFzc3dvcmQ9J1Jvb3RAMTIzJyA8PEVPRg0KDQpDUkVBVEUgREFUQUJBU0UgZmxhc2tfYXBwOw0KDQpVU0UgZmxhc2tfYXBwOw0KDQpDUkVBVEUgVEFCTEUgdXNlcnMgKA0KICAgIGlkIElOVCBBVVRPX0lOQ1JFTUVOVCBQUklNQVJZIEtFWSwgIA0KICAgIHVzZXJuYW1lIFZBUkNIQVIoNTApIE5PVCBOVUxMIFVOSVFVRSwgDQogICAgcGFzc3dvcmQgVkFSQ0hBUigyNTUpIE5PVCBOVUxMLCAgICAgICANCiAgICByb2xlIFZBUkNIQVIoNTApIE5PVCBOVUxMICAgICAgICAgICAgDQopOw0KDQpJTlNFUlQgSU5UTyB1c2VycyAodXNlcm5hbWUsIHBhc3N3b3JkLCByb2xlKQ0KVkFMVUVTDQooJ2FkbWluJywgJ3Bhc3MxJywgJ2FkbWluJyksICAgDQooJ3VzZXInLCAncGFzczInLCAndXNlcicpOyAgICAgDQoNCkNSRUFURSBUQUJMRSBwbGF5ZXJzICgNCiAgICBpZCBJTlQgQVVUT19JTkNSRU1FTlQgUFJJTUFSWSBLRVksICANCiAgICBuYW1lIFZBUkNIQVIoMTAwKSBOT1QgTlVMTCwgICAgICAgIA0KICAgIGFnZSBJTlQgTk9UIE5VTEwsICAgICAgICAgICAgICAgICAgIA0KICAgIHRlYW0gVkFSQ0hBUigxMDApIE5PVCBOVUxMLCAgICAgICAgIA0KICAgIHBvc2l0aW9uIFZBUkNIQVIoNTApIE5PVCBOVUxMICAgICAgIA0KKTsNCg0KSU5TRVJUIElOVE8gcGxheWVycyAobmFtZSwgYWdlLCB0ZWFtLCBwb3NpdGlvbikNClZBTFVFUw0KKCdKb2huIERvZScsIDI1LCAnVGVhbSBBJywgJ0ZvcndhcmQnKSwgICANCignSmFuZSBTbWl0aCcsIDI3LCAnVGVhbSBCJywgJ0dvYWxrZWVwZXInKTsgDQpFT0YNCg0KIyBTdGVwIDc6IFZlcmlmeSB0aGUgY2hhbmdlcw0KZWNobyAiVmVyaWZ5aW5nIHRoZSBkYXRhYmFzZSBhbmQgdGFibGVzLi4uIg0KbXlzcWwgLXUgcm9vdCAtcCdSb290QDEyMycgLWUgIlNIT1cgREFUQUJBU0VTOyINCm15c3FsIC11IHJvb3QgLXAnUm9vdEAxMjMnIC1lICJVU0UgZmxhc2tfYXBwOyBTSE9XIFRBQkxFUzsiDQoNCmVjaG8gIioqKioqKioqKioqKioqKioqKioqKioqKioqKioqKioqKioqKioqKioqKioqKioqKioqKioqKioqKioqKioqKioqKioqKioqTVlTUUwgRE9ORSINCg0KcGlwMyBpbnN0YWxsIG15c3FsLWNvbm5lY3Rvcg0KDQoNCiMjIyMjIyMjIyMjIyMjIyMjIyMjIyMjIyMjIyMjIyMjIyMjIyMjIyMjIyMjIyMjIyMjIyMjIyMjIyMjIyMjIyMjIyMjIyMjIyMjIyMjIyMjDQoNCmNkIC9ob21lL29wYy9weXRob25fcHJvamVjdC9hcHBsaWNhdGlvbi9mcm9udGVuZCB8fCBleGl0IDENCg0Kc3VkbyBjaG93biAtUiBvcGM6b3BjIC9ob21lL29wYy9weXRob25fcHJvamVjdC9hcHBsaWNhdGlvbi9mcm9udGVuZA0KDQpzdWRvIG5wbSBpbnN0YWxsDQoNCmVjaG8gIl5eXl5eXl5eXl5eXl5eXl5eXl5eXl5eXl5eXl5eXl5eXl5eXl5eXl5eXl5eRlJPTlRFTkQgREVQTE9ZTUVOVCBTVEFSVEVEIg0KDQoNCm5vaHVwIG5wbSBzdGFydCA+IC9ob21lL29wYy9mcm9udGVuZC5sb2cgMj4mMSAmDQoNCg0KY2QgL2hvbWUvb3BjL3B5dGhvbl9wcm9qZWN0L2FwcGxpY2F0aW9uL2JhY2tlbmQgfHwgZXhpdCAxDQoNCnNvdXJjZSAuL215ZW52L2Jpbi9hY3RpdmF0ZQ0KDQplY2hvICJeXl5eXl5eXl5eXl5eXl5eXl5eXl5eXl5eXl5eXl5eXl5eXl5eXl5eXl5eXkJBQ0tFTkQgREVQTE9ZTUVOVCBTVEFSVEVEIg0KDQpub2h1cCBweXRob24gYXBwLnB5ID4gL2hvbWUvb3BjL2JhY2tlbmQubG9nIDI+JjEgJg0KDQoNCg0KZWNobyAiKioqKioqKioqKioqKioqKioqKioqKioqKioqKioqKioqKioqKioqKioqKioqKioqKioqKioqKioqKioqKioqKioqKioqKioqKioqREVQTE9ZTUVOVCBET05FIg0K"
            },
            "platform_config": [],
            "preemptible_instance_config": [],
            "preserve_boot_volume": null,
            "preserve_data_volumes_created_at_launch": null,
            "private_ip": "10.0.1.228",
            "public_ip": "140.238.244.34",
            "region": "ap-mumbai-1",
            "security_attributes": {},
            "security_attributes_state": "STABLE",
            "shape": "VM.Standard.A1.Flex",
            "shape_config": [
              {
                "baseline_ocpu_utilization": "",
                "gpu_description": "",
                "gpus": 0,
                "local_disk_description": "",
                "local_disks": 0,
                "local_disks_total_size_in_gbs": 0,
                "max_vnic_attachments": 2,
                "memory_in_gbs": 16,
                "networking_bandwidth_in_gbps": 2,
                "nvmes": 0,
                "ocpus": 2,
                "processor_description": "3.0 GHz Ampere® Altra™",
                "vcpus": 2
              }
            ],
            "source_details": [
              {
                "boot_volume_size_in_gbs": "47",
                "boot_volume_vpus_per_gb": "10",
                "instance_source_image_filter_details": [],
                "is_preserve_boot_volume_enabled": false,
                "kms_key_id": "",
                "source_id": "ocid1.image.oc1.ap-mumbai-1.aaaaaaaawqgxow5zgojwpiftwhfahpmasv3d6trtgfh2gwzemurx6tzkxpqa",
                "source_type": "image"
              }
            ],
            "state": "RUNNING",
            "subnet_id": "ocid1.subnet.oc1.ap-mumbai-1.aaaaaaaaptfkpb3jomzjczzeufj37kfklocqwvomjfategbqqr7rzsvdupda",
            "system_tags": {},
            "time_created": "2025-01-06 11:28:57.297 +0000 UTC",
            "time_maintenance_reboot_due": "",
            "timeouts": null,
            "update_operation_constraint": null
          },
          "sensitive_attributes": [],
          "private": "eyJlMmJmYjczMC1lY2FhLTExZTYtOGY4OC0zNDM2M2JjN2M0YzAiOnsiY3JlYXRlIjoyNzAwMDAwMDAwMDAwLCJkZWxldGUiOjQ1MDAwMDAwMDAwMDAsInVwZGF0ZSI6MjcwMDAwMDAwMDAwMH19",
          "dependencies": [
            "oci_core_network_security_group.nsg",
            "oci_core_subnet.subnet",
            "oci_core_virtual_network.vcn"
          ]
        }
      ]
    },
    {
      "mode": "managed",
      "type": "oci_core_network_security_group",
      "name": "nsg",
      "provider": "provider[\"registry.terraform.io/hashicorp/oci\"]",
      "instances": [
        {
          "schema_version": 0,
          "attributes": {
            "compartment_id": "ocid1.compartment.oc1..aaaaaaaacemk47pwdwb73vqom4zozwbvjembyypo7evi35hhfu2slbhtgwhq",
            "defined_tags": {
              "Oracle-Tags.CreatedBy": "default/madhukhandare2001@gmail.com",
              "Oracle-Tags.CreatedOn": "2025-01-06T08:57:52.527Z"
            },
            "display_name": "app-nsg",
            "freeform_tags": {},
            "id": "ocid1.networksecuritygroup.oc1.ap-mumbai-1.aaaaaaaajos2bspeaz227os357vujwaii7b5kmbk544hhic4g3wregnsgega",
            "state": "AVAILABLE",
            "time_created": "2025-01-06 08:57:52.634 +0000 UTC",
            "timeouts": null,
            "vcn_id": "ocid1.vcn.oc1.ap-mumbai-1.amaaaaaa3qiokdaaaldvxou3ypbhonkss6dxp7ftbnyyv2jeflhvuzngj63a"
          },
          "sensitive_attributes": [],
          "private": "eyJlMmJmYjczMC1lY2FhLTExZTYtOGY4OC0zNDM2M2JjN2M0YzAiOnsiY3JlYXRlIjoxMjAwMDAwMDAwMDAwLCJkZWxldGUiOjEyMDAwMDAwMDAwMDAsInVwZGF0ZSI6MTIwMDAwMDAwMDAwMH19",
          "dependencies": [
            "oci_core_virtual_network.vcn"
          ]
        }
      ]
    },
    {
      "mode": "managed",
      "type": "oci_core_subnet",
      "name": "subnet",
      "provider": "provider[\"registry.terraform.io/hashicorp/oci\"]",
      "instances": [
        {
          "schema_version": 0,
          "attributes": {
            "availability_domain": null,
            "cidr_block": "10.0.1.0/24",
            "compartment_id": "ocid1.compartment.oc1..aaaaaaaacemk47pwdwb73vqom4zozwbvjembyypo7evi35hhfu2slbhtgwhq",
            "defined_tags": {
              "Oracle-Tags.CreatedBy": "default/madhukhandare2001@gmail.com",
              "Oracle-Tags.CreatedOn": "2025-01-06T08:57:52.531Z"
            },
            "dhcp_options_id": "ocid1.dhcpoptions.oc1.ap-mumbai-1.aaaaaaaazjisr5rfk44ddei7qwqnyqgu44zzohvin2dvqonqf6ezj6n4ua5q",
            "display_name": "app-subnet",
            "dns_label": "mysubnet",
            "freeform_tags": {},
            "id": "ocid1.subnet.oc1.ap-mumbai-1.aaaaaaaaptfkpb3jomzjczzeufj37kfklocqwvomjfategbqqr7rzsvdupda",
            "ipv6cidr_block": null,
            "ipv6cidr_blocks": [],
            "ipv6virtual_router_ip": null,
            "prohibit_internet_ingress": false,
            "prohibit_public_ip_on_vnic": false,
            "route_table_id": "ocid1.routetable.oc1.ap-mumbai-1.aaaaaaaaajgxqmmkpjuqsvl5f4u7e3cmcjea7js25kcpkx6537d3jd4a4zcq",
            "security_list_ids": [
              "ocid1.securitylist.oc1.ap-mumbai-1.aaaaaaaadc5r65yznvbmcirwqk62bzb6cnsdxnntbczggubdrlrj2sthg5ua"
            ],
            "state": "AVAILABLE",
            "subnet_domain_name": "mysubnet.myvcn.oraclevcn.com",
            "time_created": "2025-01-06 08:57:52.563 +0000 UTC",
            "timeouts": null,
            "vcn_id": "ocid1.vcn.oc1.ap-mumbai-1.amaaaaaa3qiokdaaaldvxou3ypbhonkss6dxp7ftbnyyv2jeflhvuzngj63a",
            "virtual_router_ip": "10.0.1.1",
            "virtual_router_mac": "00:00:17:57:F3:DC"
          },
          "sensitive_attributes": [],
          "private": "eyJlMmJmYjczMC1lY2FhLTExZTYtOGY4OC0zNDM2M2JjN2M0YzAiOnsiY3JlYXRlIjoxMjAwMDAwMDAwMDAwLCJkZWxldGUiOjEyMDAwMDAwMDAwMDAsInVwZGF0ZSI6MTIwMDAwMDAwMDAwMH19",
          "dependencies": [
            "oci_core_virtual_network.vcn"
          ]
        }
      ]
    },
    {
      "mode": "managed",
      "type": "oci_core_virtual_network",
      "name": "vcn",
      "provider": "provider[\"registry.terraform.io/hashicorp/oci\"]",
      "instances": [
        {
          "schema_version": 0,
          "attributes": {
            "byoipv6cidr_blocks": [],
            "byoipv6cidr_details": [],
            "cidr_block": "10.0.0.0/16",
            "cidr_blocks": [
              "10.0.0.0/16"
            ],
            "compartment_id": "ocid1.compartment.oc1..aaaaaaaacemk47pwdwb73vqom4zozwbvjembyypo7evi35hhfu2slbhtgwhq",
            "default_dhcp_options_id": "ocid1.dhcpoptions.oc1.ap-mumbai-1.aaaaaaaazjisr5rfk44ddei7qwqnyqgu44zzohvin2dvqonqf6ezj6n4ua5q",
            "default_route_table_id": "ocid1.routetable.oc1.ap-mumbai-1.aaaaaaaaandmublhkqxo6cfxun3bxblh25jnhljxivxwpillslz6rikthrka",
            "default_security_list_id": "ocid1.securitylist.oc1.ap-mumbai-1.aaaaaaaadc5r65yznvbmcirwqk62bzb6cnsdxnntbczggubdrlrj2sthg5ua",
            "defined_tags": {
              "Oracle-Tags.CreatedBy": "default/madhukhandare2001@gmail.com",
              "Oracle-Tags.CreatedOn": "2025-01-06T08:57:51.877Z"
            },
            "display_name": "app-vcn",
            "dns_label": "myvcn",
            "freeform_tags": {},
            "id": "ocid1.vcn.oc1.ap-mumbai-1.amaaaaaa3qiokdaaaldvxou3ypbhonkss6dxp7ftbnyyv2jeflhvuzngj63a",
            "ipv6cidr_blocks": [],
            "ipv6private_cidr_blocks": [],
            "is_ipv6enabled": false,
            "is_oracle_gua_allocation_enabled": null,
            "security_attributes": {},
            "state": "AVAILABLE",
            "time_created": "2025-01-06 08:57:51.94 +0000 UTC",
            "timeouts": null,
            "vcn_domain_name": "myvcn.oraclevcn.com"
          },
          "sensitive_attributes": [],
          "private": "eyJlMmJmYjczMC1lY2FhLTExZTYtOGY4OC0zNDM2M2JjN2M0YzAiOnsiY3JlYXRlIjoxMjAwMDAwMDAwMDAwLCJkZWxldGUiOjEyMDAwMDAwMDAwMDAsInVwZGF0ZSI6MTIwMDAwMDAwMDAwMH19"
        }
      ]
    }
  ],
  "check_results": null
}
